// !$*UTF8*$!
{
	archiveVersion = 1;
	classes = {
	};
	objectVersion = 51;
	objects = {

/* Begin PBXBuildFile section */
		2C83A63A235DD74900F22255 /* ASDKlocalizableRu.strings in Resources */ = {isa = PBXBuildFile; fileRef = 2C83A639235DD74900F22255 /* ASDKlocalizableRu.strings */; };
		2CA5873C2359E798000AC124 /* Assets.xcassets in Resources */ = {isa = PBXBuildFile; fileRef = 2CA5873B2359E798000AC124 /* Assets.xcassets */; };
		2CEF638E1F54377C00C368AE /* TransactionDetailTableViewCell.m in Sources */ = {isa = PBXBuildFile; fileRef = 2CEF63851F54377C00C368AE /* TransactionDetailTableViewCell.m */; };
		2CEF638F1F54377C00C368AE /* TransactionDetailTableViewCell.xib in Resources */ = {isa = PBXBuildFile; fileRef = 2CEF63861F54377C00C368AE /* TransactionDetailTableViewCell.xib */; };
		2CEF63901F54377C00C368AE /* TransactionHistoryModelController.m in Sources */ = {isa = PBXBuildFile; fileRef = 2CEF63881F54377C00C368AE /* TransactionHistoryModelController.m */; };
		2CEF63911F54377C00C368AE /* TransactionHistoryViewController.m in Sources */ = {isa = PBXBuildFile; fileRef = 2CEF638A1F54377C00C368AE /* TransactionHistoryViewController.m */; };
		2CEF63921F54377C00C368AE /* TransactionHistoryViewController.xib in Resources */ = {isa = PBXBuildFile; fileRef = 2CEF638B1F54377C00C368AE /* TransactionHistoryViewController.xib */; };
		2CEF63931F54377C00C368AE /* UITableViewHelpers.m in Sources */ = {isa = PBXBuildFile; fileRef = 2CEF638D1F54377C00C368AE /* UITableViewHelpers.m */; };
		684AD5C6421F7F3343AABD7F /* libPods-ASDKSampleApp.a in Frameworks */ = {isa = PBXBuildFile; fileRef = 38BBB53F96316A70A6C84981 /* libPods-ASDKSampleApp.a */; };
		83871B8B1C6DCFDC00D69603 /* ShopCart.m in Sources */ = {isa = PBXBuildFile; fileRef = 83871B8A1C6DCFDC00D69603 /* ShopCart.m */; };
		83871B8D1C6DF29C00D69603 /* DetailInfoTableViewController.xib in Resources */ = {isa = PBXBuildFile; fileRef = 83871B8C1C6DF29C00D69603 /* DetailInfoTableViewController.xib */; };
		83871B911C6E0C3100D69603 /* ShopCartTableViewController.xib in Resources */ = {isa = PBXBuildFile; fileRef = 83871B901C6E0C3100D69603 /* ShopCartTableViewController.xib */; };
		83871B951C6E112400D69603 /* PayController.m in Sources */ = {isa = PBXBuildFile; fileRef = 83871B941C6E112400D69603 /* PayController.m */; };
		94251AEA1C6C899E00B5FE2B /* AppDelegate.m in Sources */ = {isa = PBXBuildFile; fileRef = 94251ADE1C6C899E00B5FE2B /* AppDelegate.m */; };
		94251AEC1C6C899E00B5FE2B /* ViewController.m in Sources */ = {isa = PBXBuildFile; fileRef = 94251AE31C6C899E00B5FE2B /* ViewController.m */; };
		94251AEE1C6C899E00B5FE2B /* main.m in Sources */ = {isa = PBXBuildFile; fileRef = 94251AE61C6C899E00B5FE2B /* main.m */; };
		94251AF61C6C89F600B5FE2B /* LaunchScreen.storyboard in Resources */ = {isa = PBXBuildFile; fileRef = 94251AF51C6C89F600B5FE2B /* LaunchScreen.storyboard */; };
		94251AFA1C6C8D0D00B5FE2B /* ItemsListTableViewController.m in Sources */ = {isa = PBXBuildFile; fileRef = 94251AF91C6C8D0D00B5FE2B /* ItemsListTableViewController.m */; };
		94251AFE1C6C8E5900B5FE2B /* ShopCartTableViewController.m in Sources */ = {isa = PBXBuildFile; fileRef = 94251AFD1C6C8E5900B5FE2B /* ShopCartTableViewController.m */; };
		94251B021C6C8F4500B5FE2B /* DetailInfoTableViewController.m in Sources */ = {isa = PBXBuildFile; fileRef = 94251B011C6C8F4500B5FE2B /* DetailInfoTableViewController.m */; };
		94251B0A1C6CA60400B5FE2B /* BookItem.m in Sources */ = {isa = PBXBuildFile; fileRef = 94251B091C6CA60400B5FE2B /* BookItem.m */; };
		94251B1D1C6CB8BF00B5FE2B /* ShopCartCell.m in Sources */ = {isa = PBXBuildFile; fileRef = 94251B1B1C6CB8BF00B5FE2B /* ShopCartCell.m */; };
		94251B1E1C6CB8BF00B5FE2B /* ShopCartCell.xib in Resources */ = {isa = PBXBuildFile; fileRef = 94251B1C1C6CB8BF00B5FE2B /* ShopCartCell.xib */; };
		94251B281C6CC6C500B5FE2B /* PaymentSuccessViewController.m in Sources */ = {isa = PBXBuildFile; fileRef = 94251B261C6CC6C500B5FE2B /* PaymentSuccessViewController.m */; };
		94251B291C6CC6C500B5FE2B /* PaymentSuccessViewController.xib in Resources */ = {isa = PBXBuildFile; fileRef = 94251B271C6CC6C500B5FE2B /* PaymentSuccessViewController.xib */; };
		94251B321C6CD2B500B5FE2B /* BookItemCell.m in Sources */ = {isa = PBXBuildFile; fileRef = 94251B301C6CD2B500B5FE2B /* BookItemCell.m */; };
		94251B331C6CD2B500B5FE2B /* BookItemCell.xib in Resources */ = {isa = PBXBuildFile; fileRef = 94251B311C6CD2B500B5FE2B /* BookItemCell.xib */; };
		94F1095A1C6DDFB70043410D /* books.json in Resources */ = {isa = PBXBuildFile; fileRef = 94F109591C6DDFB70043410D /* books.json */; };
		BEF535711C72091D00935A15 /* AboutViewController.m in Sources */ = {isa = PBXBuildFile; fileRef = BEF5356F1C72091D00935A15 /* AboutViewController.m */; };
		BEF535721C72091D00935A15 /* AboutViewController.xib in Resources */ = {isa = PBXBuildFile; fileRef = BEF535701C72091D00935A15 /* AboutViewController.xib */; };
		C316661A1DAF7BCB00BA6AB8 /* ASDKTestSettings.m in Sources */ = {isa = PBXBuildFile; fileRef = C31666111DAF7BCB00BA6AB8 /* ASDKTestSettings.m */; };
		C316661B1DAF7BCB00BA6AB8 /* SettingsViewController.m in Sources */ = {isa = PBXBuildFile; fileRef = C31666131DAF7BCB00BA6AB8 /* SettingsViewController.m */; };
		C316661C1DAF7BCB00BA6AB8 /* TableViewCellSegmentedControl.m in Sources */ = {isa = PBXBuildFile; fileRef = C31666151DAF7BCB00BA6AB8 /* TableViewCellSegmentedControl.m */; };
		C316661D1DAF7BCB00BA6AB8 /* TableViewCellSegmentedControl.xib in Resources */ = {isa = PBXBuildFile; fileRef = C31666161DAF7BCB00BA6AB8 /* TableViewCellSegmentedControl.xib */; };
		C316661E1DAF7BCB00BA6AB8 /* TableViewCellSwitch.m in Sources */ = {isa = PBXBuildFile; fileRef = C31666181DAF7BCB00BA6AB8 /* TableViewCellSwitch.m */; };
		C316661F1DAF7BCB00BA6AB8 /* TableViewCellSwitch.xib in Resources */ = {isa = PBXBuildFile; fileRef = C31666191DAF7BCB00BA6AB8 /* TableViewCellSwitch.xib */; };
		C38C870B1D37B7F6001ABBFA /* ASDKCardIOScanner.m in Sources */ = {isa = PBXBuildFile; fileRef = C38C870A1D37B7F6001ABBFA /* ASDKCardIOScanner.m */; };
		C3AAB1401DAFE3FC00C64972 /* Localizable.strings in Resources */ = {isa = PBXBuildFile; fileRef = BEDEFF561C74B2A00026D454 /* Localizable.strings */; };
		C3AAB1411DAFE40000C64972 /* InfoPlist.strings in Resources */ = {isa = PBXBuildFile; fileRef = C3F489211DACC5F20032EC5E /* InfoPlist.strings */; };
/* End PBXBuildFile section */

/* Begin PBXCopyFilesBuildPhase section */
		831672A51C64878A00533D85 /* Embed Frameworks */ = {
			isa = PBXCopyFilesBuildPhase;
			buildActionMask = 2147483647;
			dstPath = "";
			dstSubfolderSpec = 10;
			files = (
			);
			name = "Embed Frameworks";
			runOnlyForDeploymentPostprocessing = 0;
		};
/* End PBXCopyFilesBuildPhase section */

/* Begin PBXFileReference section */
		01788A6283865E9E86DA0E68 /* Pods-ASDKSampleApp.release.xcconfig */ = {isa = PBXFileReference; includeInIndex = 1; lastKnownFileType = text.xcconfig; name = "Pods-ASDKSampleApp.release.xcconfig"; path = "Pods/Target Support Files/Pods-ASDKSampleApp/Pods-ASDKSampleApp.release.xcconfig"; sourceTree = "<group>"; };
		2C83A639235DD74900F22255 /* ASDKlocalizableRu.strings */ = {isa = PBXFileReference; fileEncoding = 4; lastKnownFileType = text.plist.strings; path = ASDKlocalizableRu.strings; sourceTree = "<group>"; };
		2CA5873B2359E798000AC124 /* Assets.xcassets */ = {isa = PBXFileReference; lastKnownFileType = folder.assetcatalog; path = Assets.xcassets; sourceTree = "<group>"; };
		2CEF63841F54377C00C368AE /* TransactionDetailTableViewCell.h */ = {isa = PBXFileReference; fileEncoding = 4; lastKnownFileType = sourcecode.c.h; path = TransactionDetailTableViewCell.h; sourceTree = "<group>"; };
		2CEF63851F54377C00C368AE /* TransactionDetailTableViewCell.m */ = {isa = PBXFileReference; fileEncoding = 4; lastKnownFileType = sourcecode.c.objc; path = TransactionDetailTableViewCell.m; sourceTree = "<group>"; };
		2CEF63861F54377C00C368AE /* TransactionDetailTableViewCell.xib */ = {isa = PBXFileReference; fileEncoding = 4; lastKnownFileType = file.xib; path = TransactionDetailTableViewCell.xib; sourceTree = "<group>"; };
		2CEF63871F54377C00C368AE /* TransactionHistoryModelController.h */ = {isa = PBXFileReference; fileEncoding = 4; lastKnownFileType = sourcecode.c.h; path = TransactionHistoryModelController.h; sourceTree = "<group>"; };
		2CEF63881F54377C00C368AE /* TransactionHistoryModelController.m */ = {isa = PBXFileReference; fileEncoding = 4; lastKnownFileType = sourcecode.c.objc; path = TransactionHistoryModelController.m; sourceTree = "<group>"; };
		2CEF63891F54377C00C368AE /* TransactionHistoryViewController.h */ = {isa = PBXFileReference; fileEncoding = 4; lastKnownFileType = sourcecode.c.h; path = TransactionHistoryViewController.h; sourceTree = "<group>"; };
		2CEF638A1F54377C00C368AE /* TransactionHistoryViewController.m */ = {isa = PBXFileReference; fileEncoding = 4; lastKnownFileType = sourcecode.c.objc; path = TransactionHistoryViewController.m; sourceTree = "<group>"; };
		2CEF638B1F54377C00C368AE /* TransactionHistoryViewController.xib */ = {isa = PBXFileReference; fileEncoding = 4; lastKnownFileType = file.xib; path = TransactionHistoryViewController.xib; sourceTree = "<group>"; };
		2CEF638C1F54377C00C368AE /* UITableViewHelpers.h */ = {isa = PBXFileReference; fileEncoding = 4; lastKnownFileType = sourcecode.c.h; path = UITableViewHelpers.h; sourceTree = "<group>"; };
		2CEF638D1F54377C00C368AE /* UITableViewHelpers.m */ = {isa = PBXFileReference; fileEncoding = 4; lastKnownFileType = sourcecode.c.objc; path = UITableViewHelpers.m; sourceTree = "<group>"; };
		38BBB53F96316A70A6C84981 /* libPods-ASDKSampleApp.a */ = {isa = PBXFileReference; explicitFileType = archive.ar; includeInIndex = 0; path = "libPods-ASDKSampleApp.a"; sourceTree = BUILT_PRODUCTS_DIR; };
		80ADADDCD6F59A2D7EF6C6A3 /* Pods-ASDKSampleApp.debug.xcconfig */ = {isa = PBXFileReference; includeInIndex = 1; lastKnownFileType = text.xcconfig; name = "Pods-ASDKSampleApp.debug.xcconfig"; path = "Pods/Target Support Files/Pods-ASDKSampleApp/Pods-ASDKSampleApp.debug.xcconfig"; sourceTree = "<group>"; };
		831672871C6486A500533D85 /* ASDKSampleApp.app */ = {isa = PBXFileReference; explicitFileType = wrapper.application; includeInIndex = 0; path = ASDKSampleApp.app; sourceTree = BUILT_PRODUCTS_DIR; };
		83871B891C6DCFDC00D69603 /* ShopCart.h */ = {isa = PBXFileReference; fileEncoding = 4; lastKnownFileType = sourcecode.c.h; path = ShopCart.h; sourceTree = "<group>"; };
		83871B8A1C6DCFDC00D69603 /* ShopCart.m */ = {isa = PBXFileReference; fileEncoding = 4; lastKnownFileType = sourcecode.c.objc; path = ShopCart.m; sourceTree = "<group>"; };
		83871B8C1C6DF29C00D69603 /* DetailInfoTableViewController.xib */ = {isa = PBXFileReference; fileEncoding = 4; lastKnownFileType = file.xib; path = DetailInfoTableViewController.xib; sourceTree = "<group>"; };
		83871B901C6E0C3100D69603 /* ShopCartTableViewController.xib */ = {isa = PBXFileReference; fileEncoding = 4; lastKnownFileType = file.xib; path = ShopCartTableViewController.xib; sourceTree = "<group>"; };
		83871B931C6E112400D69603 /* PayController.h */ = {isa = PBXFileReference; fileEncoding = 4; lastKnownFileType = sourcecode.c.h; path = PayController.h; sourceTree = "<group>"; };
		83871B941C6E112400D69603 /* PayController.m */ = {isa = PBXFileReference; fileEncoding = 4; lastKnownFileType = sourcecode.c.objc; path = PayController.m; sourceTree = "<group>"; };
		83E156691C721F26000BBD57 /* LocalConstants.h */ = {isa = PBXFileReference; lastKnownFileType = sourcecode.c.h; path = LocalConstants.h; sourceTree = "<group>"; };
		94251ADD1C6C899E00B5FE2B /* AppDelegate.h */ = {isa = PBXFileReference; fileEncoding = 4; lastKnownFileType = sourcecode.c.h; path = AppDelegate.h; sourceTree = "<group>"; };
		94251ADE1C6C899E00B5FE2B /* AppDelegate.m */ = {isa = PBXFileReference; fileEncoding = 4; lastKnownFileType = sourcecode.c.objc; path = AppDelegate.m; sourceTree = "<group>"; };
		94251AE11C6C899E00B5FE2B /* ASDKTestKeys.h */ = {isa = PBXFileReference; fileEncoding = 4; lastKnownFileType = sourcecode.c.h; path = ASDKTestKeys.h; sourceTree = "<group>"; };
		94251AE21C6C899E00B5FE2B /* ViewController.h */ = {isa = PBXFileReference; fileEncoding = 4; lastKnownFileType = sourcecode.c.h; path = ViewController.h; sourceTree = "<group>"; };
		94251AE31C6C899E00B5FE2B /* ViewController.m */ = {isa = PBXFileReference; fileEncoding = 4; lastKnownFileType = sourcecode.c.objc; path = ViewController.m; sourceTree = "<group>"; };
		94251AE51C6C899E00B5FE2B /* Info.plist */ = {isa = PBXFileReference; fileEncoding = 4; lastKnownFileType = text.plist.xml; path = Info.plist; sourceTree = "<group>"; };
		94251AE61C6C899E00B5FE2B /* main.m */ = {isa = PBXFileReference; fileEncoding = 4; lastKnownFileType = sourcecode.c.objc; path = main.m; sourceTree = "<group>"; };
		94251AF51C6C89F600B5FE2B /* LaunchScreen.storyboard */ = {isa = PBXFileReference; fileEncoding = 4; lastKnownFileType = file.storyboard; path = LaunchScreen.storyboard; sourceTree = "<group>"; };
		94251AF81C6C8D0D00B5FE2B /* ItemsListTableViewController.h */ = {isa = PBXFileReference; fileEncoding = 4; lastKnownFileType = sourcecode.c.h; path = ItemsListTableViewController.h; sourceTree = "<group>"; };
		94251AF91C6C8D0D00B5FE2B /* ItemsListTableViewController.m */ = {isa = PBXFileReference; fileEncoding = 4; lastKnownFileType = sourcecode.c.objc; path = ItemsListTableViewController.m; sourceTree = "<group>"; };
		94251AFC1C6C8E5900B5FE2B /* ShopCartTableViewController.h */ = {isa = PBXFileReference; fileEncoding = 4; lastKnownFileType = sourcecode.c.h; path = ShopCartTableViewController.h; sourceTree = "<group>"; };
		94251AFD1C6C8E5900B5FE2B /* ShopCartTableViewController.m */ = {isa = PBXFileReference; fileEncoding = 4; lastKnownFileType = sourcecode.c.objc; path = ShopCartTableViewController.m; sourceTree = "<group>"; };
		94251B001C6C8F4500B5FE2B /* DetailInfoTableViewController.h */ = {isa = PBXFileReference; fileEncoding = 4; lastKnownFileType = sourcecode.c.h; path = DetailInfoTableViewController.h; sourceTree = "<group>"; };
		94251B011C6C8F4500B5FE2B /* DetailInfoTableViewController.m */ = {isa = PBXFileReference; fileEncoding = 4; lastKnownFileType = sourcecode.c.objc; path = DetailInfoTableViewController.m; sourceTree = "<group>"; };
		94251B081C6CA60400B5FE2B /* BookItem.h */ = {isa = PBXFileReference; fileEncoding = 4; lastKnownFileType = sourcecode.c.h; path = BookItem.h; sourceTree = "<group>"; };
		94251B091C6CA60400B5FE2B /* BookItem.m */ = {isa = PBXFileReference; fileEncoding = 4; lastKnownFileType = sourcecode.c.objc; path = BookItem.m; sourceTree = "<group>"; };
		94251B1A1C6CB8BF00B5FE2B /* ShopCartCell.h */ = {isa = PBXFileReference; fileEncoding = 4; lastKnownFileType = sourcecode.c.h; path = ShopCartCell.h; sourceTree = "<group>"; };
		94251B1B1C6CB8BF00B5FE2B /* ShopCartCell.m */ = {isa = PBXFileReference; fileEncoding = 4; lastKnownFileType = sourcecode.c.objc; path = ShopCartCell.m; sourceTree = "<group>"; };
		94251B1C1C6CB8BF00B5FE2B /* ShopCartCell.xib */ = {isa = PBXFileReference; fileEncoding = 4; lastKnownFileType = file.xib; path = ShopCartCell.xib; sourceTree = "<group>"; };
		94251B251C6CC6C500B5FE2B /* PaymentSuccessViewController.h */ = {isa = PBXFileReference; fileEncoding = 4; lastKnownFileType = sourcecode.c.h; path = PaymentSuccessViewController.h; sourceTree = "<group>"; };
		94251B261C6CC6C500B5FE2B /* PaymentSuccessViewController.m */ = {isa = PBXFileReference; fileEncoding = 4; lastKnownFileType = sourcecode.c.objc; path = PaymentSuccessViewController.m; sourceTree = "<group>"; };
		94251B271C6CC6C500B5FE2B /* PaymentSuccessViewController.xib */ = {isa = PBXFileReference; fileEncoding = 4; lastKnownFileType = file.xib; path = PaymentSuccessViewController.xib; sourceTree = "<group>"; };
		94251B2F1C6CD2B500B5FE2B /* BookItemCell.h */ = {isa = PBXFileReference; fileEncoding = 4; lastKnownFileType = sourcecode.c.h; path = BookItemCell.h; sourceTree = "<group>"; };
		94251B301C6CD2B500B5FE2B /* BookItemCell.m */ = {isa = PBXFileReference; fileEncoding = 4; lastKnownFileType = sourcecode.c.objc; path = BookItemCell.m; sourceTree = "<group>"; };
		94251B311C6CD2B500B5FE2B /* BookItemCell.xib */ = {isa = PBXFileReference; fileEncoding = 4; lastKnownFileType = file.xib; path = BookItemCell.xib; sourceTree = "<group>"; };
		94F109591C6DDFB70043410D /* books.json */ = {isa = PBXFileReference; fileEncoding = 4; lastKnownFileType = text.json; path = books.json; sourceTree = "<group>"; };
		BEDEFF571C74B2A00026D454 /* ru */ = {isa = PBXFileReference; lastKnownFileType = text.plist.strings; name = ru; path = ru.lproj/Localizable.strings; sourceTree = "<group>"; };
		BEF5356E1C72091D00935A15 /* AboutViewController.h */ = {isa = PBXFileReference; fileEncoding = 4; lastKnownFileType = sourcecode.c.h; path = AboutViewController.h; sourceTree = "<group>"; };
		BEF5356F1C72091D00935A15 /* AboutViewController.m */ = {isa = PBXFileReference; fileEncoding = 4; lastKnownFileType = sourcecode.c.objc; path = AboutViewController.m; sourceTree = "<group>"; };
		BEF535701C72091D00935A15 /* AboutViewController.xib */ = {isa = PBXFileReference; fileEncoding = 4; lastKnownFileType = file.xib; path = AboutViewController.xib; sourceTree = "<group>"; };
		C31666101DAF7BCB00BA6AB8 /* ASDKTestSettings.h */ = {isa = PBXFileReference; fileEncoding = 4; lastKnownFileType = sourcecode.c.h; path = ASDKTestSettings.h; sourceTree = "<group>"; };
		C31666111DAF7BCB00BA6AB8 /* ASDKTestSettings.m */ = {isa = PBXFileReference; fileEncoding = 4; lastKnownFileType = sourcecode.c.objc; path = ASDKTestSettings.m; sourceTree = "<group>"; };
		C31666121DAF7BCB00BA6AB8 /* SettingsViewController.h */ = {isa = PBXFileReference; fileEncoding = 4; lastKnownFileType = sourcecode.c.h; path = SettingsViewController.h; sourceTree = "<group>"; };
		C31666131DAF7BCB00BA6AB8 /* SettingsViewController.m */ = {isa = PBXFileReference; fileEncoding = 4; lastKnownFileType = sourcecode.c.objc; path = SettingsViewController.m; sourceTree = "<group>"; };
		C31666141DAF7BCB00BA6AB8 /* TableViewCellSegmentedControl.h */ = {isa = PBXFileReference; fileEncoding = 4; lastKnownFileType = sourcecode.c.h; path = TableViewCellSegmentedControl.h; sourceTree = "<group>"; };
		C31666151DAF7BCB00BA6AB8 /* TableViewCellSegmentedControl.m */ = {isa = PBXFileReference; fileEncoding = 4; lastKnownFileType = sourcecode.c.objc; path = TableViewCellSegmentedControl.m; sourceTree = "<group>"; };
		C31666161DAF7BCB00BA6AB8 /* TableViewCellSegmentedControl.xib */ = {isa = PBXFileReference; fileEncoding = 4; lastKnownFileType = file.xib; path = TableViewCellSegmentedControl.xib; sourceTree = "<group>"; };
		C31666171DAF7BCB00BA6AB8 /* TableViewCellSwitch.h */ = {isa = PBXFileReference; fileEncoding = 4; lastKnownFileType = sourcecode.c.h; path = TableViewCellSwitch.h; sourceTree = "<group>"; };
		C31666181DAF7BCB00BA6AB8 /* TableViewCellSwitch.m */ = {isa = PBXFileReference; fileEncoding = 4; lastKnownFileType = sourcecode.c.objc; path = TableViewCellSwitch.m; sourceTree = "<group>"; };
		C31666191DAF7BCB00BA6AB8 /* TableViewCellSwitch.xib */ = {isa = PBXFileReference; fileEncoding = 4; lastKnownFileType = file.xib; path = TableViewCellSwitch.xib; sourceTree = "<group>"; };
		C31666221DAF7E0100BA6AB8 /* Base */ = {isa = PBXFileReference; lastKnownFileType = text.plist.strings; name = Base; path = Base.lproj/InfoPlist.strings; sourceTree = "<group>"; };
		C35E56AF1D9684FD001CFAF7 /* ASDKSampleApp.entitlements */ = {isa = PBXFileReference; lastKnownFileType = text.plist.entitlements; path = ASDKSampleApp.entitlements; sourceTree = "<group>"; };
		C38C87091D37B7F6001ABBFA /* ASDKCardIOScanner.h */ = {isa = PBXFileReference; fileEncoding = 4; lastKnownFileType = sourcecode.c.h; name = ASDKCardIOScanner.h; path = ASDKSampleApp/Source/ASDKCardIOScanner.h; sourceTree = SOURCE_ROOT; };
		C38C870A1D37B7F6001ABBFA /* ASDKCardIOScanner.m */ = {isa = PBXFileReference; fileEncoding = 4; lastKnownFileType = sourcecode.c.objc; name = ASDKCardIOScanner.m; path = ASDKSampleApp/Source/ASDKCardIOScanner.m; sourceTree = SOURCE_ROOT; };
		C3F489201DACC5F20032EC5E /* ru */ = {isa = PBXFileReference; lastKnownFileType = text.plist.strings; name = ru; path = ru.lproj/InfoPlist.strings; sourceTree = "<group>"; };
		C3F489231DACC6ED0032EC5E /* en */ = {isa = PBXFileReference; lastKnownFileType = text.plist.strings; name = en; path = en.lproj/Localizable.strings; sourceTree = "<group>"; };
		C3F489241DACC6ED0032EC5E /* en */ = {isa = PBXFileReference; lastKnownFileType = text.plist.strings; name = en; path = en.lproj/InfoPlist.strings; sourceTree = "<group>"; };
/* End PBXFileReference section */

/* Begin PBXFrameworksBuildPhase section */
		831672841C6486A500533D85 /* Frameworks */ = {
			isa = PBXFrameworksBuildPhase;
			buildActionMask = 2147483647;
			files = (
				684AD5C6421F7F3343AABD7F /* libPods-ASDKSampleApp.a in Frameworks */,
			);
			runOnlyForDeploymentPostprocessing = 0;
		};
/* End PBXFrameworksBuildPhase section */

/* Begin PBXGroup section */
		2CEF63831F54376100C368AE /* History */ = {
			isa = PBXGroup;
			children = (
				2CEF63841F54377C00C368AE /* TransactionDetailTableViewCell.h */,
				2CEF63851F54377C00C368AE /* TransactionDetailTableViewCell.m */,
				2CEF63861F54377C00C368AE /* TransactionDetailTableViewCell.xib */,
				2CEF63871F54377C00C368AE /* TransactionHistoryModelController.h */,
				2CEF63881F54377C00C368AE /* TransactionHistoryModelController.m */,
				2CEF63891F54377C00C368AE /* TransactionHistoryViewController.h */,
				2CEF638A1F54377C00C368AE /* TransactionHistoryViewController.m */,
				2CEF638B1F54377C00C368AE /* TransactionHistoryViewController.xib */,
				2CEF638C1F54377C00C368AE /* UITableViewHelpers.h */,
				2CEF638D1F54377C00C368AE /* UITableViewHelpers.m */,
			);
			name = History;
			sourceTree = "<group>";
		};
		625962B01098A0E65DBF2FBD /* Frameworks */ = {
			isa = PBXGroup;
			children = (
				38BBB53F96316A70A6C84981 /* libPods-ASDKSampleApp.a */,
			);
			name = Frameworks;
			sourceTree = "<group>";
		};
		8316727E1C6486A500533D85 = {
			isa = PBXGroup;
			children = (
				831672891C6486A500533D85 /* ASDKSampleApp */,
				831672881C6486A500533D85 /* Products */,
				8D40AABB61DFAE17DF7357D3 /* Pods */,
				625962B01098A0E65DBF2FBD /* Frameworks */,
			);
			sourceTree = "<group>";
		};
		831672881C6486A500533D85 /* Products */ = {
			isa = PBXGroup;
			children = (
				831672871C6486A500533D85 /* ASDKSampleApp.app */,
			);
			name = Products;
			sourceTree = "<group>";
		};
		831672891C6486A500533D85 /* ASDKSampleApp */ = {
			isa = PBXGroup;
			children = (
				C35E56AF1D9684FD001CFAF7 /* ASDKSampleApp.entitlements */,
				94251AD71C6C899E00B5FE2B /* ASDK */,
				94251ADC1C6C899E00B5FE2B /* Source */,
				94251ADA1C6C899E00B5FE2B /* Resources */,
				94251AE41C6C899E00B5FE2B /* Supporting files */,
				94251AF51C6C89F600B5FE2B /* LaunchScreen.storyboard */,
			);
			path = ASDKSampleApp;
			sourceTree = "<group>";
		};
		83871B881C6DCFA200D69603 /* ShopCardSingleton */ = {
			isa = PBXGroup;
			children = (
				83871B891C6DCFDC00D69603 /* ShopCart.h */,
				83871B8A1C6DCFDC00D69603 /* ShopCart.m */,
			);
			name = ShopCardSingleton;
			sourceTree = "<group>";
		};
		83871B921C6E110200D69603 /* PayController */ = {
			isa = PBXGroup;
			children = (
				83871B931C6E112400D69603 /* PayController.h */,
				83871B941C6E112400D69603 /* PayController.m */,
			);
			name = PayController;
			sourceTree = "<group>";
		};
		8D40AABB61DFAE17DF7357D3 /* Pods */ = {
			isa = PBXGroup;
			children = (
				80ADADDCD6F59A2D7EF6C6A3 /* Pods-ASDKSampleApp.debug.xcconfig */,
				01788A6283865E9E86DA0E68 /* Pods-ASDKSampleApp.release.xcconfig */,
			);
			name = Pods;
			sourceTree = "<group>";
		};
		94251AD71C6C899E00B5FE2B /* ASDK */ = {
			isa = PBXGroup;
			children = (
				C38C87091D37B7F6001ABBFA /* ASDKCardIOScanner.h */,
				C38C870A1D37B7F6001ABBFA /* ASDKCardIOScanner.m */,
			);
			path = ASDK;
			sourceTree = "<group>";
		};
		94251ADA1C6C899E00B5FE2B /* Resources */ = {
			isa = PBXGroup;
			children = (
				2C83A639235DD74900F22255 /* ASDKlocalizableRu.strings */,
				2CA5873B2359E798000AC124 /* Assets.xcassets */,
				94F109591C6DDFB70043410D /* books.json */,
				BEDEFF561C74B2A00026D454 /* Localizable.strings */,
			);
			path = Resources;
			sourceTree = "<group>";
		};
		94251ADC1C6C899E00B5FE2B /* Source */ = {
			isa = PBXGroup;
			children = (
				2CEF63831F54376100C368AE /* History */,
				C316660F1DAF7BB800BA6AB8 /* Settings */,
				BEF5356A1C7208E000935A15 /* About */,
				83871B921C6E110200D69603 /* PayController */,
				94251B241C6CC6AA00B5FE2B /* PaymentSuccess */,
				94251AF71C6C8CB900B5FE2B /* ItemsList */,
				94251AFF1C6C8EC000B5FE2B /* DetailInfo */,
				94251AFB1C6C8E0100B5FE2B /* ShopCart */,
				94251AE11C6C899E00B5FE2B /* ASDKTestKeys.h */,
				94251ADD1C6C899E00B5FE2B /* AppDelegate.h */,
				94251ADE1C6C899E00B5FE2B /* AppDelegate.m */,
				94251AE21C6C899E00B5FE2B /* ViewController.h */,
				94251AE31C6C899E00B5FE2B /* ViewController.m */,
				83E156691C721F26000BBD57 /* LocalConstants.h */,
			);
			path = Source;
			sourceTree = "<group>";
		};
		94251AE41C6C899E00B5FE2B /* Supporting files */ = {
			isa = PBXGroup;
			children = (
				94251AE51C6C899E00B5FE2B /* Info.plist */,
				94251AE61C6C899E00B5FE2B /* main.m */,
				C3F489211DACC5F20032EC5E /* InfoPlist.strings */,
			);
			path = "Supporting files";
			sourceTree = "<group>";
		};
		94251AF71C6C8CB900B5FE2B /* ItemsList */ = {
			isa = PBXGroup;
			children = (
				94251B041C6CA58500B5FE2B /* Item */,
				94251B2E1C6CD2B500B5FE2B /* BookItemCell */,
				94251AF81C6C8D0D00B5FE2B /* ItemsListTableViewController.h */,
				94251AF91C6C8D0D00B5FE2B /* ItemsListTableViewController.m */,
			);
			path = ItemsList;
			sourceTree = "<group>";
		};
		94251AFB1C6C8E0100B5FE2B /* ShopCart */ = {
			isa = PBXGroup;
			children = (
				83871B881C6DCFA200D69603 /* ShopCardSingleton */,
				94251B191C6CB8AA00B5FE2B /* ShopCartCell */,
				94251AFC1C6C8E5900B5FE2B /* ShopCartTableViewController.h */,
				94251AFD1C6C8E5900B5FE2B /* ShopCartTableViewController.m */,
				83871B901C6E0C3100D69603 /* ShopCartTableViewController.xib */,
			);
			path = ShopCart;
			sourceTree = "<group>";
		};
		94251AFF1C6C8EC000B5FE2B /* DetailInfo */ = {
			isa = PBXGroup;
			children = (
				94251B001C6C8F4500B5FE2B /* DetailInfoTableViewController.h */,
				94251B011C6C8F4500B5FE2B /* DetailInfoTableViewController.m */,
				83871B8C1C6DF29C00D69603 /* DetailInfoTableViewController.xib */,
			);
			path = DetailInfo;
			sourceTree = "<group>";
		};
		94251B041C6CA58500B5FE2B /* Item */ = {
			isa = PBXGroup;
			children = (
				94251B081C6CA60400B5FE2B /* BookItem.h */,
				94251B091C6CA60400B5FE2B /* BookItem.m */,
			);
			path = Item;
			sourceTree = "<group>";
		};
		94251B191C6CB8AA00B5FE2B /* ShopCartCell */ = {
			isa = PBXGroup;
			children = (
				94251B1A1C6CB8BF00B5FE2B /* ShopCartCell.h */,
				94251B1B1C6CB8BF00B5FE2B /* ShopCartCell.m */,
				94251B1C1C6CB8BF00B5FE2B /* ShopCartCell.xib */,
			);
			path = ShopCartCell;
			sourceTree = "<group>";
		};
		94251B241C6CC6AA00B5FE2B /* PaymentSuccess */ = {
			isa = PBXGroup;
			children = (
				94251B251C6CC6C500B5FE2B /* PaymentSuccessViewController.h */,
				94251B261C6CC6C500B5FE2B /* PaymentSuccessViewController.m */,
				94251B271C6CC6C500B5FE2B /* PaymentSuccessViewController.xib */,
			);
			path = PaymentSuccess;
			sourceTree = "<group>";
		};
		94251B2E1C6CD2B500B5FE2B /* BookItemCell */ = {
			isa = PBXGroup;
			children = (
				94251B2F1C6CD2B500B5FE2B /* BookItemCell.h */,
				94251B301C6CD2B500B5FE2B /* BookItemCell.m */,
				94251B311C6CD2B500B5FE2B /* BookItemCell.xib */,
			);
			path = BookItemCell;
			sourceTree = "<group>";
		};
		BEF5356A1C7208E000935A15 /* About */ = {
			isa = PBXGroup;
			children = (
				BEF5356E1C72091D00935A15 /* AboutViewController.h */,
				BEF5356F1C72091D00935A15 /* AboutViewController.m */,
				BEF535701C72091D00935A15 /* AboutViewController.xib */,
			);
			path = About;
			sourceTree = "<group>";
		};
		C316660F1DAF7BB800BA6AB8 /* Settings */ = {
			isa = PBXGroup;
			children = (
				C31666101DAF7BCB00BA6AB8 /* ASDKTestSettings.h */,
				C31666111DAF7BCB00BA6AB8 /* ASDKTestSettings.m */,
				C31666121DAF7BCB00BA6AB8 /* SettingsViewController.h */,
				C31666131DAF7BCB00BA6AB8 /* SettingsViewController.m */,
				C31666141DAF7BCB00BA6AB8 /* TableViewCellSegmentedControl.h */,
				C31666151DAF7BCB00BA6AB8 /* TableViewCellSegmentedControl.m */,
				C31666161DAF7BCB00BA6AB8 /* TableViewCellSegmentedControl.xib */,
				C31666171DAF7BCB00BA6AB8 /* TableViewCellSwitch.h */,
				C31666181DAF7BCB00BA6AB8 /* TableViewCellSwitch.m */,
				C31666191DAF7BCB00BA6AB8 /* TableViewCellSwitch.xib */,
			);
			name = Settings;
			sourceTree = "<group>";
		};
/* End PBXGroup section */

/* Begin PBXNativeTarget section */
		831672861C6486A500533D85 /* ASDKSampleApp */ = {
			isa = PBXNativeTarget;
			buildConfigurationList = 8316729E1C6486A500533D85 /* Build configuration list for PBXNativeTarget "ASDKSampleApp" */;
			buildPhases = (
				6350D7BD1EF85E2BB386E837 /* [CP] Check Pods Manifest.lock */,
				831672831C6486A500533D85 /* Sources */,
				831672841C6486A500533D85 /* Frameworks */,
				831672851C6486A500533D85 /* Resources */,
				831672A51C64878A00533D85 /* Embed Frameworks */,
				57600297A2546A01FB72C740 /* [CP] Copy Pods Resources */,
			);
			buildRules = (
			);
			dependencies = (
			);
			name = ASDKSampleApp;
			productName = ASDKSampleApp;
			productReference = 831672871C6486A500533D85 /* ASDKSampleApp.app */;
			productType = "com.apple.product-type.application";
		};
/* End PBXNativeTarget section */

/* Begin PBXProject section */
		8316727F1C6486A500533D85 /* Project object */ = {
			isa = PBXProject;
			attributes = {
				CLASSPREFIX = "";
				LastUpgradeCheck = 1100;
				ORGANIZATIONNAME = "Tinkoff Bank";
				TargetAttributes = {
					831672861C6486A500533D85 = {
						CreatedOnToolsVersion = 7.2;
						DevelopmentTeam = 8SEFGGQX9M;
						ProvisioningStyle = Manual;
						SystemCapabilities = {
							com.apple.ApplePay = {
								enabled = 1;
							};
							com.apple.Keychain = {
								enabled = 1;
							};
						};
					};
				};
			};
			buildConfigurationList = 831672821C6486A500533D85 /* Build configuration list for PBXProject "ASDKSampleApp" */;
			compatibilityVersion = "Xcode 10.0";
			developmentRegion = en;
			hasScannedForEncodings = 0;
			knownRegions = (
				Base,
				ru,
				en,
			);
			mainGroup = 8316727E1C6486A500533D85;
			productRefGroup = 831672881C6486A500533D85 /* Products */;
			projectDirPath = "";
			projectRoot = "";
			targets = (
				831672861C6486A500533D85 /* ASDKSampleApp */,
			);
		};
/* End PBXProject section */

/* Begin PBXResourcesBuildPhase section */
		831672851C6486A500533D85 /* Resources */ = {
			isa = PBXResourcesBuildPhase;
			buildActionMask = 2147483647;
			files = (
				C316661F1DAF7BCB00BA6AB8 /* TableViewCellSwitch.xib in Resources */,
				83871B8D1C6DF29C00D69603 /* DetailInfoTableViewController.xib in Resources */,
				94F1095A1C6DDFB70043410D /* books.json in Resources */,
				C3AAB1411DAFE40000C64972 /* InfoPlist.strings in Resources */,
				2CA5873C2359E798000AC124 /* Assets.xcassets in Resources */,
				C316661D1DAF7BCB00BA6AB8 /* TableViewCellSegmentedControl.xib in Resources */,
				94251B1E1C6CB8BF00B5FE2B /* ShopCartCell.xib in Resources */,
				94251AF61C6C89F600B5FE2B /* LaunchScreen.storyboard in Resources */,
				94251B331C6CD2B500B5FE2B /* BookItemCell.xib in Resources */,
				94251B291C6CC6C500B5FE2B /* PaymentSuccessViewController.xib in Resources */,
				2CEF63921F54377C00C368AE /* TransactionHistoryViewController.xib in Resources */,
				C3AAB1401DAFE3FC00C64972 /* Localizable.strings in Resources */,
				BEF535721C72091D00935A15 /* AboutViewController.xib in Resources */,
				2C83A63A235DD74900F22255 /* ASDKlocalizableRu.strings in Resources */,
				83871B911C6E0C3100D69603 /* ShopCartTableViewController.xib in Resources */,
				2CEF638F1F54377C00C368AE /* TransactionDetailTableViewCell.xib in Resources */,
			);
			runOnlyForDeploymentPostprocessing = 0;
		};
/* End PBXResourcesBuildPhase section */

/* Begin PBXShellScriptBuildPhase section */
		57600297A2546A01FB72C740 /* [CP] Copy Pods Resources */ = {
			isa = PBXShellScriptBuildPhase;
			buildActionMask = 2147483647;
			files = (
			);
			inputFileListPaths = (
				"${PODS_ROOT}/Target Support Files/Pods-ASDKSampleApp/Pods-ASDKSampleApp-resources-${CONFIGURATION}-input-files.xcfilelist",
			);
			name = "[CP] Copy Pods Resources";
			outputFileListPaths = (
				"${PODS_ROOT}/Target Support Files/Pods-ASDKSampleApp/Pods-ASDKSampleApp-resources-${CONFIGURATION}-output-files.xcfilelist",
			);
			runOnlyForDeploymentPostprocessing = 0;
			shellPath = /bin/sh;
			shellScript = "\"${PODS_ROOT}/Target Support Files/Pods-ASDKSampleApp/Pods-ASDKSampleApp-resources.sh\"\n";
			showEnvVarsInLog = 0;
		};
		6350D7BD1EF85E2BB386E837 /* [CP] Check Pods Manifest.lock */ = {
			isa = PBXShellScriptBuildPhase;
			buildActionMask = 2147483647;
			files = (
			);
			inputPaths = (
				"${PODS_PODFILE_DIR_PATH}/Podfile.lock",
				"${PODS_ROOT}/Manifest.lock",
			);
			name = "[CP] Check Pods Manifest.lock";
			outputPaths = (
				"$(DERIVED_FILE_DIR)/Pods-ASDKSampleApp-checkManifestLockResult.txt",
			);
			runOnlyForDeploymentPostprocessing = 0;
			shellPath = /bin/sh;
			shellScript = "diff \"${PODS_PODFILE_DIR_PATH}/Podfile.lock\" \"${PODS_ROOT}/Manifest.lock\" > /dev/null\nif [ $? != 0 ] ; then\n    # print error to STDERR\n    echo \"error: The sandbox is not in sync with the Podfile.lock. Run 'pod install' or update your CocoaPods installation.\" >&2\n    exit 1\nfi\n# This output is used by Xcode 'outputs' to avoid re-running this script phase.\necho \"SUCCESS\" > \"${SCRIPT_OUTPUT_FILE_0}\"\n";
			showEnvVarsInLog = 0;
		};
/* End PBXShellScriptBuildPhase section */

/* Begin PBXSourcesBuildPhase section */
		831672831C6486A500533D85 /* Sources */ = {
			isa = PBXSourcesBuildPhase;
			buildActionMask = 2147483647;
			files = (
				83871B951C6E112400D69603 /* PayController.m in Sources */,
				C316661C1DAF7BCB00BA6AB8 /* TableViewCellSegmentedControl.m in Sources */,
				94251AEC1C6C899E00B5FE2B /* ViewController.m in Sources */,
				2CEF63901F54377C00C368AE /* TransactionHistoryModelController.m in Sources */,
				94251AEA1C6C899E00B5FE2B /* AppDelegate.m in Sources */,
				C316661B1DAF7BCB00BA6AB8 /* SettingsViewController.m in Sources */,
				94251B321C6CD2B500B5FE2B /* BookItemCell.m in Sources */,
				83871B8B1C6DCFDC00D69603 /* ShopCart.m in Sources */,
				2CEF638E1F54377C00C368AE /* TransactionDetailTableViewCell.m in Sources */,
				2CEF63931F54377C00C368AE /* UITableViewHelpers.m in Sources */,
				94251AEE1C6C899E00B5FE2B /* main.m in Sources */,
				94251AFA1C6C8D0D00B5FE2B /* ItemsListTableViewController.m in Sources */,
				94251B021C6C8F4500B5FE2B /* DetailInfoTableViewController.m in Sources */,
				94251B281C6CC6C500B5FE2B /* PaymentSuccessViewController.m in Sources */,
				C316661A1DAF7BCB00BA6AB8 /* ASDKTestSettings.m in Sources */,
				BEF535711C72091D00935A15 /* AboutViewController.m in Sources */,
				C316661E1DAF7BCB00BA6AB8 /* TableViewCellSwitch.m in Sources */,
				94251AFE1C6C8E5900B5FE2B /* ShopCartTableViewController.m in Sources */,
				94251B0A1C6CA60400B5FE2B /* BookItem.m in Sources */,
				94251B1D1C6CB8BF00B5FE2B /* ShopCartCell.m in Sources */,
				C38C870B1D37B7F6001ABBFA /* ASDKCardIOScanner.m in Sources */,
				2CEF63911F54377C00C368AE /* TransactionHistoryViewController.m in Sources */,
			);
			runOnlyForDeploymentPostprocessing = 0;
		};
/* End PBXSourcesBuildPhase section */

/* Begin PBXVariantGroup section */
		BEDEFF561C74B2A00026D454 /* Localizable.strings */ = {
			isa = PBXVariantGroup;
			children = (
				BEDEFF571C74B2A00026D454 /* ru */,
				C3F489231DACC6ED0032EC5E /* en */,
			);
			name = Localizable.strings;
			sourceTree = "<group>";
		};
		C3F489211DACC5F20032EC5E /* InfoPlist.strings */ = {
			isa = PBXVariantGroup;
			children = (
				C3F489201DACC5F20032EC5E /* ru */,
				C3F489241DACC6ED0032EC5E /* en */,
				C31666221DAF7E0100BA6AB8 /* Base */,
			);
			name = InfoPlist.strings;
			sourceTree = "<group>";
		};
/* End PBXVariantGroup section */

/* Begin XCBuildConfiguration section */
		8316729C1C6486A500533D85 /* Debug */ = {
			isa = XCBuildConfiguration;
			buildSettings = {
				ALWAYS_SEARCH_USER_PATHS = NO;
				CLANG_ANALYZER_LOCALIZABILITY_NONLOCALIZED = YES;
				CLANG_CXX_LANGUAGE_STANDARD = "gnu++0x";
				CLANG_CXX_LIBRARY = "libc++";
				CLANG_ENABLE_MODULES = YES;
				CLANG_ENABLE_OBJC_ARC = YES;
				CLANG_WARN_BLOCK_CAPTURE_AUTORELEASING = YES;
				CLANG_WARN_BOOL_CONVERSION = YES;
				CLANG_WARN_COMMA = YES;
				CLANG_WARN_CONSTANT_CONVERSION = YES;
				CLANG_WARN_DEPRECATED_OBJC_IMPLEMENTATIONS = YES;
				CLANG_WARN_DIRECT_OBJC_ISA_USAGE = YES_ERROR;
				CLANG_WARN_EMPTY_BODY = YES;
				CLANG_WARN_ENUM_CONVERSION = YES;
				CLANG_WARN_INFINITE_RECURSION = YES;
				CLANG_WARN_INT_CONVERSION = YES;
				CLANG_WARN_NON_LITERAL_NULL_CONVERSION = YES;
				CLANG_WARN_OBJC_IMPLICIT_RETAIN_SELF = YES;
				CLANG_WARN_OBJC_LITERAL_CONVERSION = YES;
				CLANG_WARN_OBJC_ROOT_CLASS = YES_ERROR;
				CLANG_WARN_RANGE_LOOP_ANALYSIS = YES;
				CLANG_WARN_STRICT_PROTOTYPES = YES;
				CLANG_WARN_SUSPICIOUS_MOVE = YES;
				CLANG_WARN_UNREACHABLE_CODE = YES;
				CLANG_WARN__DUPLICATE_METHOD_MATCH = YES;
				CODE_SIGN_IDENTITY = "iPhone Developer";
				"CODE_SIGN_IDENTITY[sdk=iphoneos*]" = "iPhone Developer";
				COPY_PHASE_STRIP = NO;
				DEBUG_INFORMATION_FORMAT = dwarf;
				ENABLE_STRICT_OBJC_MSGSEND = YES;
				ENABLE_TESTABILITY = YES;
				GCC_C_LANGUAGE_STANDARD = gnu99;
				GCC_DYNAMIC_NO_PIC = NO;
				GCC_NO_COMMON_BLOCKS = YES;
				GCC_OPTIMIZATION_LEVEL = 0;
				GCC_PREPROCESSOR_DEFINITIONS = (
					"DEBUG=1",
					"$(inherited)",
				);
				GCC_WARN_64_TO_32_BIT_CONVERSION = YES;
				GCC_WARN_ABOUT_RETURN_TYPE = YES_ERROR;
				GCC_WARN_UNDECLARED_SELECTOR = YES;
				GCC_WARN_UNINITIALIZED_AUTOS = YES_AGGRESSIVE;
				GCC_WARN_UNUSED_FUNCTION = YES;
				GCC_WARN_UNUSED_VARIABLE = YES;
				IPHONEOS_DEPLOYMENT_TARGET = 9.0;
				MTL_ENABLE_DEBUG_INFO = YES;
				ONLY_ACTIVE_ARCH = YES;
				SDKROOT = iphoneos;
				TARGETED_DEVICE_FAMILY = "1,2";
			};
			name = Debug;
		};
		8316729D1C6486A500533D85 /* Release */ = {
			isa = XCBuildConfiguration;
			buildSettings = {
				ALWAYS_SEARCH_USER_PATHS = NO;
				CLANG_ANALYZER_LOCALIZABILITY_NONLOCALIZED = YES;
				CLANG_CXX_LANGUAGE_STANDARD = "gnu++0x";
				CLANG_CXX_LIBRARY = "libc++";
				CLANG_ENABLE_MODULES = YES;
				CLANG_ENABLE_OBJC_ARC = YES;
				CLANG_WARN_BLOCK_CAPTURE_AUTORELEASING = YES;
				CLANG_WARN_BOOL_CONVERSION = YES;
				CLANG_WARN_COMMA = YES;
				CLANG_WARN_CONSTANT_CONVERSION = YES;
				CLANG_WARN_DEPRECATED_OBJC_IMPLEMENTATIONS = YES;
				CLANG_WARN_DIRECT_OBJC_ISA_USAGE = YES_ERROR;
				CLANG_WARN_EMPTY_BODY = YES;
				CLANG_WARN_ENUM_CONVERSION = YES;
				CLANG_WARN_INFINITE_RECURSION = YES;
				CLANG_WARN_INT_CONVERSION = YES;
				CLANG_WARN_NON_LITERAL_NULL_CONVERSION = YES;
				CLANG_WARN_OBJC_IMPLICIT_RETAIN_SELF = YES;
				CLANG_WARN_OBJC_LITERAL_CONVERSION = YES;
				CLANG_WARN_OBJC_ROOT_CLASS = YES_ERROR;
				CLANG_WARN_RANGE_LOOP_ANALYSIS = YES;
				CLANG_WARN_STRICT_PROTOTYPES = YES;
				CLANG_WARN_SUSPICIOUS_MOVE = YES;
				CLANG_WARN_UNREACHABLE_CODE = YES;
				CLANG_WARN__DUPLICATE_METHOD_MATCH = YES;
				CODE_SIGN_IDENTITY = "iPhone Developer";
				"CODE_SIGN_IDENTITY[sdk=iphoneos*]" = "iPhone Developer";
				COPY_PHASE_STRIP = NO;
				DEBUG_INFORMATION_FORMAT = "dwarf-with-dsym";
				ENABLE_NS_ASSERTIONS = NO;
				ENABLE_STRICT_OBJC_MSGSEND = YES;
				GCC_C_LANGUAGE_STANDARD = gnu99;
				GCC_NO_COMMON_BLOCKS = YES;
				GCC_WARN_64_TO_32_BIT_CONVERSION = YES;
				GCC_WARN_ABOUT_RETURN_TYPE = YES_ERROR;
				GCC_WARN_UNDECLARED_SELECTOR = YES;
				GCC_WARN_UNINITIALIZED_AUTOS = YES_AGGRESSIVE;
				GCC_WARN_UNUSED_FUNCTION = YES;
				GCC_WARN_UNUSED_VARIABLE = YES;
				IPHONEOS_DEPLOYMENT_TARGET = 9.0;
				MTL_ENABLE_DEBUG_INFO = NO;
				SDKROOT = iphoneos;
				TARGETED_DEVICE_FAMILY = "1,2";
				VALIDATE_PRODUCT = YES;
			};
			name = Release;
		};
		8316729F1C6486A500533D85 /* Debug */ = {
			isa = XCBuildConfiguration;
			baseConfigurationReference = 80ADADDCD6F59A2D7EF6C6A3 /* Pods-ASDKSampleApp.debug.xcconfig */;
			buildSettings = {
				CODE_SIGN_ENTITLEMENTS = ASDKSampleApp/ASDKSampleApp.entitlements;
				"CODE_SIGN_IDENTITY[sdk=iphoneos*]" = "iPhone Developer";
				CURRENT_PROJECT_VERSION = 78;
				DEVELOPMENT_TEAM = 8SEFGGQX9M;
				ENABLE_BITCODE = YES;
				FRAMEWORK_SEARCH_PATHS = (
					"$(inherited)",
					"$(PROJECT_DIR)/ASDKSampleApp",
					"$(PROJECT_DIR)/ASDKSampleApp/ASDK",
				);
				INFOPLIST_FILE = "ASDKSampleApp/Supporting files/Info.plist";
				LD_RUNPATH_SEARCH_PATHS = (
					"$(inherited)",
					"@executable_path/Frameworks",
				);
				MARKETING_VERSION = 1.5.0;
				PRODUCT_BUNDLE_IDENTIFIER = ru.tcsbank.ASDKSample;
				PRODUCT_NAME = "$(TARGET_NAME)";
				PROVISIONING_PROFILE = "179273f2-bc09-426b-b1e5-b41e5ca91de9";
				PROVISIONING_PROFILE_SPECIFIER = "ASDKSampleApp Development";
				TARGETED_DEVICE_FAMILY = 1;
			};
			name = Debug;
		};
		831672A01C6486A500533D85 /* Release */ = {
			isa = XCBuildConfiguration;
			baseConfigurationReference = 01788A6283865E9E86DA0E68 /* Pods-ASDKSampleApp.release.xcconfig */;
			buildSettings = {
				CODE_SIGN_ENTITLEMENTS = ASDKSampleApp/ASDKSampleApp.entitlements;
				"CODE_SIGN_IDENTITY[sdk=iphoneos*]" = "iPhone Developer";
				CURRENT_PROJECT_VERSION = 78;
				DEVELOPMENT_TEAM = 8SEFGGQX9M;
				ENABLE_BITCODE = YES;
				FRAMEWORK_SEARCH_PATHS = (
					"$(inherited)",
					"$(PROJECT_DIR)/ASDKSampleApp",
					"$(PROJECT_DIR)/ASDKSampleApp/ASDK",
				);
				INFOPLIST_FILE = "ASDKSampleApp/Supporting files/Info.plist";
				LD_RUNPATH_SEARCH_PATHS = (
					"$(inherited)",
					"@executable_path/Frameworks",
				);
				MARKETING_VERSION = 1.5.0;
				PRODUCT_BUNDLE_IDENTIFIER = ru.tcsbank.ASDKSample;
				PRODUCT_NAME = "$(TARGET_NAME)";
				PROVISIONING_PROFILE = "179273f2-bc09-426b-b1e5-b41e5ca91de9";
				PROVISIONING_PROFILE_SPECIFIER = "ASDKSampleApp Development";
				TARGETED_DEVICE_FAMILY = 1;
			};
			name = Release;
		};
/* End XCBuildConfiguration section */

/* Begin XCConfigurationList section */
		831672821C6486A500533D85 /* Build configuration list for PBXProject "ASDKSampleApp" */ = {
			isa = XCConfigurationList;
			buildConfigurations = (
				8316729C1C6486A500533D85 /* Debug */,
				8316729D1C6486A500533D85 /* Release */,
			);
			defaultConfigurationIsVisible = 0;
			defaultConfigurationName = Release;
		};
		8316729E1C6486A500533D85 /* Build configuration list for PBXNativeTarget "ASDKSampleApp" */ = {
			isa = XCConfigurationList;
			buildConfigurations = (
				8316729F1C6486A500533D85 /* Debug */,
				831672A01C6486A500533D85 /* Release */,
			);
			defaultConfigurationIsVisible = 0;
			defaultConfigurationName = Release;
		};
/* End XCConfigurationList section */
	};
	rootObject = 8316727F1C6486A500533D85 /* Project object */;
}
