// !$*UTF8*$!
{
	archiveVersion = 1;
	classes = {
	};
	objectVersion = 46;
	objects = {

/* Begin PBXAggregateTarget section */
		8316723A1C6477E300533D85 /* ASDKCore-universal */ = {
			isa = PBXAggregateTarget;
			buildConfigurationList = 8316723B1C6477E300533D85 /* Build configuration list for PBXAggregateTarget "ASDKCore-universal" */;
			buildPhases = (
				8316723E1C6477ED00533D85 /* ShellScript */,
			);
			dependencies = (
			);
			name = "ASDKCore-universal";
			productName = "ASDKCore-universal";
		};
/* End PBXAggregateTarget section */

/* Begin PBXBuildFile section */
		2C1C133D1F8F5AF2002B636F /* ASDKRequestBuilderAddCardInit.h in Headers */ = {isa = PBXBuildFile; fileRef = 2C1C133B1F8F5AF2002B636F /* ASDKRequestBuilderAddCardInit.h */; };
		2C1C133E1F8F5AF2002B636F /* ASDKRequestBuilderAddCardInit.m in Sources */ = {isa = PBXBuildFile; fileRef = 2C1C133C1F8F5AF2002B636F /* ASDKRequestBuilderAddCardInit.m */; };
		2C1C13411F8F5C4E002B636F /* ASDKRequestAddCardInit.h in Headers */ = {isa = PBXBuildFile; fileRef = 2C1C133F1F8F5C4E002B636F /* ASDKRequestAddCardInit.h */; };
		2C1C13421F8F5C4E002B636F /* ASDKRequestAddCardInit.m in Sources */ = {isa = PBXBuildFile; fileRef = 2C1C13401F8F5C4E002B636F /* ASDKRequestAddCardInit.m */; };
		2C1C13451F8F6184002B636F /* ASDKRequestAttachCard.h in Headers */ = {isa = PBXBuildFile; fileRef = 2C1C13431F8F6184002B636F /* ASDKRequestAttachCard.h */; };
		2C1C13461F8F6184002B636F /* ASDKRequestAttachCard.m in Sources */ = {isa = PBXBuildFile; fileRef = 2C1C13441F8F6184002B636F /* ASDKRequestAttachCard.m */; };
		2C1C13491F8F8112002B636F /* ASDKResponseAddCardInit.h in Headers */ = {isa = PBXBuildFile; fileRef = 2C1C13471F8F8112002B636F /* ASDKResponseAddCardInit.h */; settings = {ATTRIBUTES = (Public, ); }; };
		2C1C134A1F8F8112002B636F /* ASDKResponseAddCardInit.m in Sources */ = {isa = PBXBuildFile; fileRef = 2C1C13481F8F8112002B636F /* ASDKResponseAddCardInit.m */; };
		2C1C134D1F8F8241002B636F /* ASDKRequestBuilderAttachCard.h in Headers */ = {isa = PBXBuildFile; fileRef = 2C1C134B1F8F8241002B636F /* ASDKRequestBuilderAttachCard.h */; };
		2C1C134E1F8F8241002B636F /* ASDKRequestBuilderAttachCard.m in Sources */ = {isa = PBXBuildFile; fileRef = 2C1C134C1F8F8241002B636F /* ASDKRequestBuilderAttachCard.m */; };
		2C1C13531F8FA60C002B636F /* ASDKResponseAttachCard.h in Headers */ = {isa = PBXBuildFile; fileRef = 2C1C13511F8FA60C002B636F /* ASDKResponseAttachCard.h */; settings = {ATTRIBUTES = (Public, ); }; };
		2C1C13541F8FA60C002B636F /* ASDKResponseAttachCard.m in Sources */ = {isa = PBXBuildFile; fileRef = 2C1C13521F8FA60C002B636F /* ASDKResponseAttachCard.m */; };
		2C352DAB1E4B1707008215A5 /* ASDKCancelRequestBuilder.h in Headers */ = {isa = PBXBuildFile; fileRef = 2C352DA91E4B1707008215A5 /* ASDKCancelRequestBuilder.h */; };
		2C352DAC1E4B1707008215A5 /* ASDKCancelRequestBuilder.m in Sources */ = {isa = PBXBuildFile; fileRef = 2C352DAA1E4B1707008215A5 /* ASDKCancelRequestBuilder.m */; };
		2C352DAF1E4B17A5008215A5 /* ASDKCancelRequest.h in Headers */ = {isa = PBXBuildFile; fileRef = 2C352DAD1E4B17A5008215A5 /* ASDKCancelRequest.h */; };
		2C352DB01E4B17A5008215A5 /* ASDKCancelRequest.m in Sources */ = {isa = PBXBuildFile; fileRef = 2C352DAE1E4B17A5008215A5 /* ASDKCancelRequest.m */; };
		2C352DB31E4B1A66008215A5 /* ASDKCancelResponse.h in Headers */ = {isa = PBXBuildFile; fileRef = 2C352DB11E4B1A66008215A5 /* ASDKCancelResponse.h */; settings = {ATTRIBUTES = (Public, ); }; };
		2C352DB41E4B1A66008215A5 /* ASDKCancelResponse.m in Sources */ = {isa = PBXBuildFile; fileRef = 2C352DB21E4B1A66008215A5 /* ASDKCancelResponse.m */; };
		2C6E6B971F94902500B345B9 /* ASDKRequestGetAttachCardState.h in Headers */ = {isa = PBXBuildFile; fileRef = 2C6E6B951F94902500B345B9 /* ASDKRequestGetAttachCardState.h */; };
		2C6E6B981F94902500B345B9 /* ASDKRequestGetAttachCardState.m in Sources */ = {isa = PBXBuildFile; fileRef = 2C6E6B961F94902500B345B9 /* ASDKRequestGetAttachCardState.m */; };
		2C6E6B9B1F949C2700B345B9 /* ASDKRequestBuilderGetAttachCardState.h in Headers */ = {isa = PBXBuildFile; fileRef = 2C6E6B991F949C2700B345B9 /* ASDKRequestBuilderGetAttachCardState.h */; };
		2C6E6B9C1F949C2700B345B9 /* ASDKRequestBuilderGetAttachCardState.m in Sources */ = {isa = PBXBuildFile; fileRef = 2C6E6B9A1F949C2700B345B9 /* ASDKRequestBuilderGetAttachCardState.m */; };
		2C6E6B9F1F949F9700B345B9 /* ASDKResponseGetAddCardState.h in Headers */ = {isa = PBXBuildFile; fileRef = 2C6E6B9D1F949F9700B345B9 /* ASDKResponseGetAddCardState.h */; settings = {ATTRIBUTES = (Public, ); }; };
		2C6E6BA01F949F9700B345B9 /* ASDKResponseGetAddCardState.m in Sources */ = {isa = PBXBuildFile; fileRef = 2C6E6B9E1F949F9700B345B9 /* ASDKResponseGetAddCardState.m */; };
		2C6E6BA91F94CB0300B345B9 /* ASDKRequestSubmitRandomAmount.h in Headers */ = {isa = PBXBuildFile; fileRef = 2C6E6BA71F94CB0300B345B9 /* ASDKRequestSubmitRandomAmount.h */; };
		2C6E6BAA1F94CB0300B345B9 /* ASDKRequestSubmitRandomAmount.m in Sources */ = {isa = PBXBuildFile; fileRef = 2C6E6BA81F94CB0300B345B9 /* ASDKRequestSubmitRandomAmount.m */; };
		2C6E6BAD1F94CC2700B345B9 /* ASDKRequestBuilderSubmitRandomAmount.h in Headers */ = {isa = PBXBuildFile; fileRef = 2C6E6BAB1F94CC2700B345B9 /* ASDKRequestBuilderSubmitRandomAmount.h */; };
		2C6E6BAE1F94CC2700B345B9 /* ASDKRequestBuilderSubmitRandomAmount.m in Sources */ = {isa = PBXBuildFile; fileRef = 2C6E6BAC1F94CC2700B345B9 /* ASDKRequestBuilderSubmitRandomAmount.m */; };
		2C6EA79D24054118008348B2 /* ASDKUtilsRequest.h in Headers */ = {isa = PBXBuildFile; fileRef = 2C6EA79B24054118008348B2 /* ASDKUtilsRequest.h */; settings = {ATTRIBUTES = (Public, ); }; };
		2C6EA79E24054118008348B2 /* ASDKUtilsRequest.m in Sources */ = {isa = PBXBuildFile; fileRef = 2C6EA79C24054118008348B2 /* ASDKUtilsRequest.m */; };
		2C9BE102233904F60094347D /* ASDKCard.m in Sources */ = {isa = PBXBuildFile; fileRef = 83166EE51C63988F00533D85 /* ASDKCard.m */; };
		2CA68BFB23FA6D9B0061FEF6 /* ASDKRequestCheck3dsVersion.h in Headers */ = {isa = PBXBuildFile; fileRef = 2CA68BF923FA6D9B0061FEF6 /* ASDKRequestCheck3dsVersion.h */; };
		2CA68BFC23FA6D9B0061FEF6 /* ASDKRequestCheck3dsVersion.m in Sources */ = {isa = PBXBuildFile; fileRef = 2CA68BFA23FA6D9B0061FEF6 /* ASDKRequestCheck3dsVersion.m */; };
		2CA68BFF23FA7CB80061FEF6 /* ASDKResponseCheck3dsVersion.h in Headers */ = {isa = PBXBuildFile; fileRef = 2CA68BFD23FA7CB80061FEF6 /* ASDKResponseCheck3dsVersion.h */; settings = {ATTRIBUTES = (Public, ); }; };
		2CA68C0023FA7CB80061FEF6 /* ASDKResponseCheck3dsVersion.m in Sources */ = {isa = PBXBuildFile; fileRef = 2CA68BFE23FA7CB80061FEF6 /* ASDKResponseCheck3dsVersion.m */; };
		2CA68C0323FA82C70061FEF6 /* ASDKRequestBuilderCheck3dsVersion.h in Headers */ = {isa = PBXBuildFile; fileRef = 2CA68C0123FA82C70061FEF6 /* ASDKRequestBuilderCheck3dsVersion.h */; };
		2CA68C0423FA82C70061FEF6 /* ASDKRequestBuilderCheck3dsVersion.m in Sources */ = {isa = PBXBuildFile; fileRef = 2CA68C0223FA82C70061FEF6 /* ASDKRequestBuilderCheck3dsVersion.m */; };
		2CFBF58E1FCBFD180060C87F /* ASDKUtilsAmount.h in Headers */ = {isa = PBXBuildFile; fileRef = 2CFBF58C1FCBFD180060C87F /* ASDKUtilsAmount.h */; };
		2CFBF58F1FCBFD180060C87F /* ASDKUtilsAmount.m in Sources */ = {isa = PBXBuildFile; fileRef = 2CFBF58D1FCBFD180060C87F /* ASDKUtilsAmount.m */; };
		83166ED71C63984E00533D85 /* ASDKCore.h in Headers */ = {isa = PBXBuildFile; fileRef = 83166ED61C63984E00533D85 /* ASDKCore.h */; settings = {ATTRIBUTES = (Public, ); }; };
		83166F2F1C63988F00533D85 /* ASDKBaseObject.h in Headers */ = {isa = PBXBuildFile; fileRef = 83166EE11C63988F00533D85 /* ASDKBaseObject.h */; settings = {ATTRIBUTES = (Public, ); }; };
		83166F301C63988F00533D85 /* ASDKBaseObject.m in Sources */ = {isa = PBXBuildFile; fileRef = 83166EE21C63988F00533D85 /* ASDKBaseObject.m */; };
		83166F331C63988F00533D85 /* ASDKAcquiringRequest.h in Headers */ = {isa = PBXBuildFile; fileRef = 83166EE71C63988F00533D85 /* ASDKAcquiringRequest.h */; };
		83166F341C63988F00533D85 /* ASDKAcquiringRequest.m in Sources */ = {isa = PBXBuildFile; fileRef = 83166EE81C63988F00533D85 /* ASDKAcquiringRequest.m */; };
		83166F351C63988F00533D85 /* ASDKChargeRequest.h in Headers */ = {isa = PBXBuildFile; fileRef = 83166EEA1C63988F00533D85 /* ASDKChargeRequest.h */; };
		83166F361C63988F00533D85 /* ASDKChargeRequest.m in Sources */ = {isa = PBXBuildFile; fileRef = 83166EEB1C63988F00533D85 /* ASDKChargeRequest.m */; };
		83166F371C63988F00533D85 /* ASDKFinishAuthorizeRequest.h in Headers */ = {isa = PBXBuildFile; fileRef = 83166EED1C63988F00533D85 /* ASDKFinishAuthorizeRequest.h */; };
		83166F381C63988F00533D85 /* ASDKFinishAuthorizeRequest.m in Sources */ = {isa = PBXBuildFile; fileRef = 83166EEE1C63988F00533D85 /* ASDKFinishAuthorizeRequest.m */; };
		83166F391C63988F00533D85 /* ASDKGetCardListRequest.h in Headers */ = {isa = PBXBuildFile; fileRef = 83166EF01C63988F00533D85 /* ASDKGetCardListRequest.h */; };
		83166F3A1C63988F00533D85 /* ASDKGetCardListRequest.m in Sources */ = {isa = PBXBuildFile; fileRef = 83166EF11C63988F00533D85 /* ASDKGetCardListRequest.m */; };
		83166F3B1C63988F00533D85 /* ASDKGetStateRequest.h in Headers */ = {isa = PBXBuildFile; fileRef = 83166EF31C63988F00533D85 /* ASDKGetStateRequest.h */; };
		83166F3C1C63988F00533D85 /* ASDKGetStateRequest.m in Sources */ = {isa = PBXBuildFile; fileRef = 83166EF41C63988F00533D85 /* ASDKGetStateRequest.m */; };
		83166F3D1C63988F00533D85 /* ASDKInitRequest.h in Headers */ = {isa = PBXBuildFile; fileRef = 83166EF61C63988F00533D85 /* ASDKInitRequest.h */; };
		83166F3E1C63988F00533D85 /* ASDKInitRequest.m in Sources */ = {isa = PBXBuildFile; fileRef = 83166EF71C63988F00533D85 /* ASDKInitRequest.m */; };
		83166F3F1C63988F00533D85 /* ASDKRemoveCardRequest.h in Headers */ = {isa = PBXBuildFile; fileRef = 83166EF91C63988F00533D85 /* ASDKRemoveCardRequest.h */; };
		83166F401C63988F00533D85 /* ASDKRemoveCardRequest.m in Sources */ = {isa = PBXBuildFile; fileRef = 83166EFA1C63988F00533D85 /* ASDKRemoveCardRequest.m */; };
		83166F411C63988F00533D85 /* ASDKAcquiringResponse.h in Headers */ = {isa = PBXBuildFile; fileRef = 83166EFC1C63988F00533D85 /* ASDKAcquiringResponse.h */; settings = {ATTRIBUTES = (Public, ); }; };
		83166F421C63988F00533D85 /* ASDKAcquiringResponse.m in Sources */ = {isa = PBXBuildFile; fileRef = 83166EFD1C63988F00533D85 /* ASDKAcquiringResponse.m */; };
		83166F431C63988F00533D85 /* ASDKChargeResponse.h in Headers */ = {isa = PBXBuildFile; fileRef = 83166EFF1C63988F00533D85 /* ASDKChargeResponse.h */; settings = {ATTRIBUTES = (Public, ); }; };
		83166F441C63988F00533D85 /* ASDKChargeResponse.m in Sources */ = {isa = PBXBuildFile; fileRef = 83166F001C63988F00533D85 /* ASDKChargeResponse.m */; };
		83166F451C63988F00533D85 /* ASDKFinishAuthorizeResponse.h in Headers */ = {isa = PBXBuildFile; fileRef = 83166F021C63988F00533D85 /* ASDKFinishAuthorizeResponse.h */; settings = {ATTRIBUTES = (Public, ); }; };
		83166F461C63988F00533D85 /* ASDKFinishAuthorizeResponse.m in Sources */ = {isa = PBXBuildFile; fileRef = 83166F031C63988F00533D85 /* ASDKFinishAuthorizeResponse.m */; };
		83166F471C63988F00533D85 /* ASDKGetCardListResponse.h in Headers */ = {isa = PBXBuildFile; fileRef = 83166F051C63988F00533D85 /* ASDKGetCardListResponse.h */; settings = {ATTRIBUTES = (Public, ); }; };
		83166F481C63988F00533D85 /* ASDKGetCardListResponse.m in Sources */ = {isa = PBXBuildFile; fileRef = 83166F061C63988F00533D85 /* ASDKGetCardListResponse.m */; };
		83166F491C63988F00533D85 /* ASDKGetStateResponse.h in Headers */ = {isa = PBXBuildFile; fileRef = 83166F081C63988F00533D85 /* ASDKGetStateResponse.h */; settings = {ATTRIBUTES = (Public, ); }; };
		83166F4A1C63988F00533D85 /* ASDKGetStateResponse.m in Sources */ = {isa = PBXBuildFile; fileRef = 83166F091C63988F00533D85 /* ASDKGetStateResponse.m */; };
		83166F4B1C63988F00533D85 /* ASDKInitResponse.h in Headers */ = {isa = PBXBuildFile; fileRef = 83166F0B1C63988F00533D85 /* ASDKInitResponse.h */; settings = {ATTRIBUTES = (Public, ); }; };
		83166F4C1C63988F00533D85 /* ASDKInitResponse.m in Sources */ = {isa = PBXBuildFile; fileRef = 83166F0C1C63988F00533D85 /* ASDKInitResponse.m */; };
		83166F4D1C63988F00533D85 /* ASDKRemoveCardResponse.h in Headers */ = {isa = PBXBuildFile; fileRef = 83166F0E1C63988F00533D85 /* ASDKRemoveCardResponse.h */; settings = {ATTRIBUTES = (Public, ); }; };
		83166F4E1C63988F00533D85 /* ASDKRemoveCardResponse.m in Sources */ = {isa = PBXBuildFile; fileRef = 83166F0F1C63988F00533D85 /* ASDKRemoveCardResponse.m */; };
		83166F4F1C63988F00533D85 /* ASDKAcquiringApi.h in Headers */ = {isa = PBXBuildFile; fileRef = 83166F101C63988F00533D85 /* ASDKAcquiringApi.h */; };
		83166F501C63988F00533D85 /* ASDKAcquiringApi.m in Sources */ = {isa = PBXBuildFile; fileRef = 83166F111C63988F00533D85 /* ASDKAcquiringApi.m */; };
		83166F511C63988F00533D85 /* ASDKAcquiringSdk.h in Headers */ = {isa = PBXBuildFile; fileRef = 83166F121C63988F00533D85 /* ASDKAcquiringSdk.h */; settings = {ATTRIBUTES = (Public, ); }; };
		83166F521C63988F00533D85 /* ASDKAcquiringSdk.m in Sources */ = {isa = PBXBuildFile; fileRef = 83166F131C63988F00533D85 /* ASDKAcquiringSdk.m */; };
		83166F541C63988F00533D85 /* ASDKCryptoUtils.h in Headers */ = {isa = PBXBuildFile; fileRef = 83166F161C63988F00533D85 /* ASDKCryptoUtils.h */; };
		83166F551C63988F00533D85 /* ASDKCryptoUtils.m in Sources */ = {isa = PBXBuildFile; fileRef = 83166F171C63988F00533D85 /* ASDKCryptoUtils.m */; };
		83166F561C63988F00533D85 /* ASDKRequestBuilder.h in Headers */ = {isa = PBXBuildFile; fileRef = 83166F191C63988F00533D85 /* ASDKRequestBuilder.h */; };
		83166F571C63988F00533D85 /* ASDKRequestBuilder.m in Sources */ = {isa = PBXBuildFile; fileRef = 83166F1A1C63988F00533D85 /* ASDKRequestBuilder.m */; };
		83166F581C63988F00533D85 /* ASDKChargeRequestBuilder.h in Headers */ = {isa = PBXBuildFile; fileRef = 83166F1C1C63988F00533D85 /* ASDKChargeRequestBuilder.h */; };
		83166F591C63988F00533D85 /* ASDKChargeRequestBuilder.m in Sources */ = {isa = PBXBuildFile; fileRef = 83166F1D1C63988F00533D85 /* ASDKChargeRequestBuilder.m */; };
		83166F5A1C63988F00533D85 /* ASDKFinishAuthorizeRequestBuilder.h in Headers */ = {isa = PBXBuildFile; fileRef = 83166F1F1C63988F00533D85 /* ASDKFinishAuthorizeRequestBuilder.h */; };
		83166F5B1C63988F00533D85 /* ASDKFinishAuthorizeRequestBuilder.m in Sources */ = {isa = PBXBuildFile; fileRef = 83166F201C63988F00533D85 /* ASDKFinishAuthorizeRequestBuilder.m */; };
		83166F5C1C63988F00533D85 /* ASDKGetCardListRequestBuilder.h in Headers */ = {isa = PBXBuildFile; fileRef = 83166F221C63988F00533D85 /* ASDKGetCardListRequestBuilder.h */; };
		83166F5D1C63988F00533D85 /* ASDKGetCardListRequestBuilder.m in Sources */ = {isa = PBXBuildFile; fileRef = 83166F231C63988F00533D85 /* ASDKGetCardListRequestBuilder.m */; };
		83166F5E1C63988F00533D85 /* ASDKGetStateRequestBuilder.h in Headers */ = {isa = PBXBuildFile; fileRef = 83166F251C63988F00533D85 /* ASDKGetStateRequestBuilder.h */; };
		83166F5F1C63988F00533D85 /* ASDKGetStateRequestBuilder.m in Sources */ = {isa = PBXBuildFile; fileRef = 83166F261C63988F00533D85 /* ASDKGetStateRequestBuilder.m */; };
		83166F601C63988F00533D85 /* ASDKInitRequestBuilder.h in Headers */ = {isa = PBXBuildFile; fileRef = 83166F281C63988F00533D85 /* ASDKInitRequestBuilder.h */; };
		83166F611C63988F00533D85 /* ASDKInitRequestBuilder.m in Sources */ = {isa = PBXBuildFile; fileRef = 83166F291C63988F00533D85 /* ASDKInitRequestBuilder.m */; };
		83166F621C63988F00533D85 /* ASDKRemoveCardRequestBuilder.h in Headers */ = {isa = PBXBuildFile; fileRef = 83166F2B1C63988F00533D85 /* ASDKRemoveCardRequestBuilder.h */; };
		83166F631C63988F00533D85 /* ASDKRemoveCardRequestBuilder.m in Sources */ = {isa = PBXBuildFile; fileRef = 83166F2C1C63988F00533D85 /* ASDKRemoveCardRequestBuilder.m */; };
		83871B7F1C6CC5EF00D69603 /* ASDKStringKeyCreator.h in Headers */ = {isa = PBXBuildFile; fileRef = 83871B7D1C6CC5EF00D69603 /* ASDKStringKeyCreator.h */; settings = {ATTRIBUTES = (Public, ); }; };
		83871B801C6CC5EF00D69603 /* ASDKStringKeyCreator.m in Sources */ = {isa = PBXBuildFile; fileRef = 83871B7E1C6CC5EF00D69603 /* ASDKStringKeyCreator.m */; };
		943FC86D1C6881650044C707 /* ASDKPaymentInfo.h in Headers */ = {isa = PBXBuildFile; fileRef = 943FC86B1C6881650044C707 /* ASDKPaymentInfo.h */; settings = {ATTRIBUTES = (Public, ); }; };
		943FC86E1C6881650044C707 /* ASDKPaymentInfo.m in Sources */ = {isa = PBXBuildFile; fileRef = 943FC86C1C6881650044C707 /* ASDKPaymentInfo.m */; };
		943FC8711C6881F10044C707 /* ASDKThreeDsData.h in Headers */ = {isa = PBXBuildFile; fileRef = 943FC86F1C6881F10044C707 /* ASDKThreeDsData.h */; settings = {ATTRIBUTES = (Public, ); }; };
		943FC8721C6881F10044C707 /* ASDKThreeDsData.m in Sources */ = {isa = PBXBuildFile; fileRef = 943FC8701C6881F10044C707 /* ASDKThreeDsData.m */; };
		946C399A1C648F630036D1AF /* ASDKRSAEncryptor.h in Headers */ = {isa = PBXBuildFile; fileRef = 946C39981C648F630036D1AF /* ASDKRSAEncryptor.h */; };
		946C399B1C648F630036D1AF /* ASDKRSAEncryptor.m in Sources */ = {isa = PBXBuildFile; fileRef = 946C39991C648F630036D1AF /* ASDKRSAEncryptor.m */; };
		946C399E1C648F940036D1AF /* ASDKCardData.h in Headers */ = {isa = PBXBuildFile; fileRef = 946C399C1C648F940036D1AF /* ASDKCardData.h */; settings = {ATTRIBUTES = (Public, ); }; };
		946C399F1C648F940036D1AF /* ASDKCardData.m in Sources */ = {isa = PBXBuildFile; fileRef = 946C399D1C648F940036D1AF /* ASDKCardData.m */; };
		946C39A31C64921A0036D1AF /* ASDKApiKeys.h in Headers */ = {isa = PBXBuildFile; fileRef = 946C39A21C64921A0036D1AF /* ASDKApiKeys.h */; settings = {ATTRIBUTES = (Public, ); }; };
		9483E8E61C69C9A2007F029A /* RSA.h in Headers */ = {isa = PBXBuildFile; fileRef = 9483E8E41C69C9A2007F029A /* RSA.h */; settings = {ATTRIBUTES = (Public, ); }; };
		9483E8E71C69C9A2007F029A /* RSA.m in Sources */ = {isa = PBXBuildFile; fileRef = 9483E8E51C69C9A2007F029A /* RSA.m */; };
		BE1555361C7768EA00BEA6E1 /* ASDKAcquringSdkError.h in Headers */ = {isa = PBXBuildFile; fileRef = BE1555341C7768EA00BEA6E1 /* ASDKAcquringSdkError.h */; settings = {ATTRIBUTES = (Public, ); }; };
		BE1555371C7768EA00BEA6E1 /* ASDKAcquringSdkError.m in Sources */ = {isa = PBXBuildFile; fileRef = BE1555351C7768EA00BEA6E1 /* ASDKAcquringSdkError.m */; };
		BE15553A1C77690400BEA6E1 /* ASDKAcquringApiError.h in Headers */ = {isa = PBXBuildFile; fileRef = BE1555381C77690400BEA6E1 /* ASDKAcquringApiError.h */; };
		BE15553B1C77690400BEA6E1 /* ASDKAcquringApiError.m in Sources */ = {isa = PBXBuildFile; fileRef = BE1555391C77690400BEA6E1 /* ASDKAcquringApiError.m */; };
		BE7E027C1C73407600DF6230 /* ASDKCard.h in Headers */ = {isa = PBXBuildFile; fileRef = 83166EE41C63988F00533D85 /* ASDKCard.h */; settings = {ATTRIBUTES = (Public, ); }; };
/* End PBXBuildFile section */

/* Begin PBXFileReference section */
		2C1C133B1F8F5AF2002B636F /* ASDKRequestBuilderAddCardInit.h */ = {isa = PBXFileReference; lastKnownFileType = sourcecode.c.h; path = ASDKRequestBuilderAddCardInit.h; sourceTree = "<group>"; };
		2C1C133C1F8F5AF2002B636F /* ASDKRequestBuilderAddCardInit.m */ = {isa = PBXFileReference; lastKnownFileType = sourcecode.c.objc; path = ASDKRequestBuilderAddCardInit.m; sourceTree = "<group>"; };
		2C1C133F1F8F5C4E002B636F /* ASDKRequestAddCardInit.h */ = {isa = PBXFileReference; lastKnownFileType = sourcecode.c.h; path = ASDKRequestAddCardInit.h; sourceTree = "<group>"; };
		2C1C13401F8F5C4E002B636F /* ASDKRequestAddCardInit.m */ = {isa = PBXFileReference; lastKnownFileType = sourcecode.c.objc; path = ASDKRequestAddCardInit.m; sourceTree = "<group>"; };
		2C1C13431F8F6184002B636F /* ASDKRequestAttachCard.h */ = {isa = PBXFileReference; lastKnownFileType = sourcecode.c.h; path = ASDKRequestAttachCard.h; sourceTree = "<group>"; };
		2C1C13441F8F6184002B636F /* ASDKRequestAttachCard.m */ = {isa = PBXFileReference; lastKnownFileType = sourcecode.c.objc; path = ASDKRequestAttachCard.m; sourceTree = "<group>"; };
		2C1C13471F8F8112002B636F /* ASDKResponseAddCardInit.h */ = {isa = PBXFileReference; lastKnownFileType = sourcecode.c.h; path = ASDKResponseAddCardInit.h; sourceTree = "<group>"; };
		2C1C13481F8F8112002B636F /* ASDKResponseAddCardInit.m */ = {isa = PBXFileReference; lastKnownFileType = sourcecode.c.objc; path = ASDKResponseAddCardInit.m; sourceTree = "<group>"; };
		2C1C134B1F8F8241002B636F /* ASDKRequestBuilderAttachCard.h */ = {isa = PBXFileReference; lastKnownFileType = sourcecode.c.h; path = ASDKRequestBuilderAttachCard.h; sourceTree = "<group>"; };
		2C1C134C1F8F8241002B636F /* ASDKRequestBuilderAttachCard.m */ = {isa = PBXFileReference; lastKnownFileType = sourcecode.c.objc; path = ASDKRequestBuilderAttachCard.m; sourceTree = "<group>"; };
		2C1C13511F8FA60C002B636F /* ASDKResponseAttachCard.h */ = {isa = PBXFileReference; lastKnownFileType = sourcecode.c.h; path = ASDKResponseAttachCard.h; sourceTree = "<group>"; };
		2C1C13521F8FA60C002B636F /* ASDKResponseAttachCard.m */ = {isa = PBXFileReference; lastKnownFileType = sourcecode.c.objc; path = ASDKResponseAttachCard.m; sourceTree = "<group>"; };
		2C352DA91E4B1707008215A5 /* ASDKCancelRequestBuilder.h */ = {isa = PBXFileReference; fileEncoding = 4; lastKnownFileType = sourcecode.c.h; path = ASDKCancelRequestBuilder.h; sourceTree = "<group>"; };
		2C352DAA1E4B1707008215A5 /* ASDKCancelRequestBuilder.m */ = {isa = PBXFileReference; fileEncoding = 4; lastKnownFileType = sourcecode.c.objc; path = ASDKCancelRequestBuilder.m; sourceTree = "<group>"; };
		2C352DAD1E4B17A5008215A5 /* ASDKCancelRequest.h */ = {isa = PBXFileReference; fileEncoding = 4; lastKnownFileType = sourcecode.c.h; path = ASDKCancelRequest.h; sourceTree = "<group>"; };
		2C352DAE1E4B17A5008215A5 /* ASDKCancelRequest.m */ = {isa = PBXFileReference; fileEncoding = 4; lastKnownFileType = sourcecode.c.objc; path = ASDKCancelRequest.m; sourceTree = "<group>"; };
		2C352DB11E4B1A66008215A5 /* ASDKCancelResponse.h */ = {isa = PBXFileReference; fileEncoding = 4; lastKnownFileType = sourcecode.c.h; path = ASDKCancelResponse.h; sourceTree = "<group>"; };
		2C352DB21E4B1A66008215A5 /* ASDKCancelResponse.m */ = {isa = PBXFileReference; fileEncoding = 4; lastKnownFileType = sourcecode.c.objc; path = ASDKCancelResponse.m; sourceTree = "<group>"; };
		2C6E6B951F94902500B345B9 /* ASDKRequestGetAttachCardState.h */ = {isa = PBXFileReference; lastKnownFileType = sourcecode.c.h; path = ASDKRequestGetAttachCardState.h; sourceTree = "<group>"; };
		2C6E6B961F94902500B345B9 /* ASDKRequestGetAttachCardState.m */ = {isa = PBXFileReference; lastKnownFileType = sourcecode.c.objc; path = ASDKRequestGetAttachCardState.m; sourceTree = "<group>"; };
		2C6E6B991F949C2700B345B9 /* ASDKRequestBuilderGetAttachCardState.h */ = {isa = PBXFileReference; lastKnownFileType = sourcecode.c.h; path = ASDKRequestBuilderGetAttachCardState.h; sourceTree = "<group>"; };
		2C6E6B9A1F949C2700B345B9 /* ASDKRequestBuilderGetAttachCardState.m */ = {isa = PBXFileReference; lastKnownFileType = sourcecode.c.objc; path = ASDKRequestBuilderGetAttachCardState.m; sourceTree = "<group>"; };
		2C6E6B9D1F949F9700B345B9 /* ASDKResponseGetAddCardState.h */ = {isa = PBXFileReference; lastKnownFileType = sourcecode.c.h; path = ASDKResponseGetAddCardState.h; sourceTree = "<group>"; };
		2C6E6B9E1F949F9700B345B9 /* ASDKResponseGetAddCardState.m */ = {isa = PBXFileReference; lastKnownFileType = sourcecode.c.objc; path = ASDKResponseGetAddCardState.m; sourceTree = "<group>"; };
		2C6E6BA71F94CB0300B345B9 /* ASDKRequestSubmitRandomAmount.h */ = {isa = PBXFileReference; lastKnownFileType = sourcecode.c.h; path = ASDKRequestSubmitRandomAmount.h; sourceTree = "<group>"; };
		2C6E6BA81F94CB0300B345B9 /* ASDKRequestSubmitRandomAmount.m */ = {isa = PBXFileReference; lastKnownFileType = sourcecode.c.objc; path = ASDKRequestSubmitRandomAmount.m; sourceTree = "<group>"; };
		2C6E6BAB1F94CC2700B345B9 /* ASDKRequestBuilderSubmitRandomAmount.h */ = {isa = PBXFileReference; lastKnownFileType = sourcecode.c.h; path = ASDKRequestBuilderSubmitRandomAmount.h; sourceTree = "<group>"; };
		2C6E6BAC1F94CC2700B345B9 /* ASDKRequestBuilderSubmitRandomAmount.m */ = {isa = PBXFileReference; lastKnownFileType = sourcecode.c.objc; path = ASDKRequestBuilderSubmitRandomAmount.m; sourceTree = "<group>"; };
		2C6EA79B24054118008348B2 /* ASDKUtilsRequest.h */ = {isa = PBXFileReference; lastKnownFileType = sourcecode.c.h; path = ASDKUtilsRequest.h; sourceTree = "<group>"; };
		2C6EA79C24054118008348B2 /* ASDKUtilsRequest.m */ = {isa = PBXFileReference; lastKnownFileType = sourcecode.c.objc; path = ASDKUtilsRequest.m; sourceTree = "<group>"; };
		2CA68BF923FA6D9B0061FEF6 /* ASDKRequestCheck3dsVersion.h */ = {isa = PBXFileReference; lastKnownFileType = sourcecode.c.h; path = ASDKRequestCheck3dsVersion.h; sourceTree = "<group>"; };
		2CA68BFA23FA6D9B0061FEF6 /* ASDKRequestCheck3dsVersion.m */ = {isa = PBXFileReference; lastKnownFileType = sourcecode.c.objc; path = ASDKRequestCheck3dsVersion.m; sourceTree = "<group>"; };
		2CA68BFD23FA7CB80061FEF6 /* ASDKResponseCheck3dsVersion.h */ = {isa = PBXFileReference; lastKnownFileType = sourcecode.c.h; path = ASDKResponseCheck3dsVersion.h; sourceTree = "<group>"; };
		2CA68BFE23FA7CB80061FEF6 /* ASDKResponseCheck3dsVersion.m */ = {isa = PBXFileReference; lastKnownFileType = sourcecode.c.objc; path = ASDKResponseCheck3dsVersion.m; sourceTree = "<group>"; };
		2CA68C0123FA82C70061FEF6 /* ASDKRequestBuilderCheck3dsVersion.h */ = {isa = PBXFileReference; lastKnownFileType = sourcecode.c.h; path = ASDKRequestBuilderCheck3dsVersion.h; sourceTree = "<group>"; };
		2CA68C0223FA82C70061FEF6 /* ASDKRequestBuilderCheck3dsVersion.m */ = {isa = PBXFileReference; lastKnownFileType = sourcecode.c.objc; path = ASDKRequestBuilderCheck3dsVersion.m; sourceTree = "<group>"; };
		2CFBF58C1FCBFD180060C87F /* ASDKUtilsAmount.h */ = {isa = PBXFileReference; lastKnownFileType = sourcecode.c.h; path = ASDKUtilsAmount.h; sourceTree = "<group>"; };
		2CFBF58D1FCBFD180060C87F /* ASDKUtilsAmount.m */ = {isa = PBXFileReference; lastKnownFileType = sourcecode.c.objc; path = ASDKUtilsAmount.m; sourceTree = "<group>"; };
		83166ED31C63984E00533D85 /* ASDKCore.framework */ = {isa = PBXFileReference; explicitFileType = wrapper.framework; includeInIndex = 0; path = ASDKCore.framework; sourceTree = BUILT_PRODUCTS_DIR; };
		83166ED61C63984E00533D85 /* ASDKCore.h */ = {isa = PBXFileReference; lastKnownFileType = sourcecode.c.h; path = ASDKCore.h; sourceTree = "<group>"; };
		83166ED81C63984E00533D85 /* Info.plist */ = {isa = PBXFileReference; lastKnownFileType = text.plist.xml; path = Info.plist; sourceTree = "<group>"; };
		83166EE11C63988F00533D85 /* ASDKBaseObject.h */ = {isa = PBXFileReference; fileEncoding = 4; lastKnownFileType = sourcecode.c.h; path = ASDKBaseObject.h; sourceTree = "<group>"; };
		83166EE21C63988F00533D85 /* ASDKBaseObject.m */ = {isa = PBXFileReference; fileEncoding = 4; lastKnownFileType = sourcecode.c.objc; path = ASDKBaseObject.m; sourceTree = "<group>"; };
		83166EE41C63988F00533D85 /* ASDKCard.h */ = {isa = PBXFileReference; fileEncoding = 4; lastKnownFileType = sourcecode.c.h; path = ASDKCard.h; sourceTree = "<group>"; };
		83166EE51C63988F00533D85 /* ASDKCard.m */ = {isa = PBXFileReference; fileEncoding = 4; lastKnownFileType = sourcecode.c.objc; path = ASDKCard.m; sourceTree = "<group>"; };
		83166EE71C63988F00533D85 /* ASDKAcquiringRequest.h */ = {isa = PBXFileReference; fileEncoding = 4; lastKnownFileType = sourcecode.c.h; path = ASDKAcquiringRequest.h; sourceTree = "<group>"; };
		83166EE81C63988F00533D85 /* ASDKAcquiringRequest.m */ = {isa = PBXFileReference; fileEncoding = 4; lastKnownFileType = sourcecode.c.objc; path = ASDKAcquiringRequest.m; sourceTree = "<group>"; };
		83166EEA1C63988F00533D85 /* ASDKChargeRequest.h */ = {isa = PBXFileReference; fileEncoding = 4; lastKnownFileType = sourcecode.c.h; path = ASDKChargeRequest.h; sourceTree = "<group>"; };
		83166EEB1C63988F00533D85 /* ASDKChargeRequest.m */ = {isa = PBXFileReference; fileEncoding = 4; lastKnownFileType = sourcecode.c.objc; path = ASDKChargeRequest.m; sourceTree = "<group>"; };
		83166EED1C63988F00533D85 /* ASDKFinishAuthorizeRequest.h */ = {isa = PBXFileReference; fileEncoding = 4; lastKnownFileType = sourcecode.c.h; path = ASDKFinishAuthorizeRequest.h; sourceTree = "<group>"; };
		83166EEE1C63988F00533D85 /* ASDKFinishAuthorizeRequest.m */ = {isa = PBXFileReference; fileEncoding = 4; lastKnownFileType = sourcecode.c.objc; path = ASDKFinishAuthorizeRequest.m; sourceTree = "<group>"; };
		83166EF01C63988F00533D85 /* ASDKGetCardListRequest.h */ = {isa = PBXFileReference; fileEncoding = 4; lastKnownFileType = sourcecode.c.h; path = ASDKGetCardListRequest.h; sourceTree = "<group>"; };
		83166EF11C63988F00533D85 /* ASDKGetCardListRequest.m */ = {isa = PBXFileReference; fileEncoding = 4; lastKnownFileType = sourcecode.c.objc; path = ASDKGetCardListRequest.m; sourceTree = "<group>"; };
		83166EF31C63988F00533D85 /* ASDKGetStateRequest.h */ = {isa = PBXFileReference; fileEncoding = 4; lastKnownFileType = sourcecode.c.h; path = ASDKGetStateRequest.h; sourceTree = "<group>"; };
		83166EF41C63988F00533D85 /* ASDKGetStateRequest.m */ = {isa = PBXFileReference; fileEncoding = 4; lastKnownFileType = sourcecode.c.objc; path = ASDKGetStateRequest.m; sourceTree = "<group>"; };
		83166EF61C63988F00533D85 /* ASDKInitRequest.h */ = {isa = PBXFileReference; fileEncoding = 4; lastKnownFileType = sourcecode.c.h; path = ASDKInitRequest.h; sourceTree = "<group>"; };
		83166EF71C63988F00533D85 /* ASDKInitRequest.m */ = {isa = PBXFileReference; fileEncoding = 4; lastKnownFileType = sourcecode.c.objc; path = ASDKInitRequest.m; sourceTree = "<group>"; };
		83166EF91C63988F00533D85 /* ASDKRemoveCardRequest.h */ = {isa = PBXFileReference; fileEncoding = 4; lastKnownFileType = sourcecode.c.h; path = ASDKRemoveCardRequest.h; sourceTree = "<group>"; };
		83166EFA1C63988F00533D85 /* ASDKRemoveCardRequest.m */ = {isa = PBXFileReference; fileEncoding = 4; lastKnownFileType = sourcecode.c.objc; path = ASDKRemoveCardRequest.m; sourceTree = "<group>"; };
		83166EFC1C63988F00533D85 /* ASDKAcquiringResponse.h */ = {isa = PBXFileReference; fileEncoding = 4; lastKnownFileType = sourcecode.c.h; path = ASDKAcquiringResponse.h; sourceTree = "<group>"; };
		83166EFD1C63988F00533D85 /* ASDKAcquiringResponse.m */ = {isa = PBXFileReference; fileEncoding = 4; lastKnownFileType = sourcecode.c.objc; path = ASDKAcquiringResponse.m; sourceTree = "<group>"; };
		83166EFF1C63988F00533D85 /* ASDKChargeResponse.h */ = {isa = PBXFileReference; fileEncoding = 4; lastKnownFileType = sourcecode.c.h; path = ASDKChargeResponse.h; sourceTree = "<group>"; };
		83166F001C63988F00533D85 /* ASDKChargeResponse.m */ = {isa = PBXFileReference; fileEncoding = 4; lastKnownFileType = sourcecode.c.objc; path = ASDKChargeResponse.m; sourceTree = "<group>"; };
		83166F021C63988F00533D85 /* ASDKFinishAuthorizeResponse.h */ = {isa = PBXFileReference; fileEncoding = 4; lastKnownFileType = sourcecode.c.h; path = ASDKFinishAuthorizeResponse.h; sourceTree = "<group>"; };
		83166F031C63988F00533D85 /* ASDKFinishAuthorizeResponse.m */ = {isa = PBXFileReference; fileEncoding = 4; lastKnownFileType = sourcecode.c.objc; path = ASDKFinishAuthorizeResponse.m; sourceTree = "<group>"; };
		83166F051C63988F00533D85 /* ASDKGetCardListResponse.h */ = {isa = PBXFileReference; fileEncoding = 4; lastKnownFileType = sourcecode.c.h; path = ASDKGetCardListResponse.h; sourceTree = "<group>"; };
		83166F061C63988F00533D85 /* ASDKGetCardListResponse.m */ = {isa = PBXFileReference; fileEncoding = 4; lastKnownFileType = sourcecode.c.objc; path = ASDKGetCardListResponse.m; sourceTree = "<group>"; };
		83166F081C63988F00533D85 /* ASDKGetStateResponse.h */ = {isa = PBXFileReference; fileEncoding = 4; lastKnownFileType = sourcecode.c.h; path = ASDKGetStateResponse.h; sourceTree = "<group>"; };
		83166F091C63988F00533D85 /* ASDKGetStateResponse.m */ = {isa = PBXFileReference; fileEncoding = 4; lastKnownFileType = sourcecode.c.objc; path = ASDKGetStateResponse.m; sourceTree = "<group>"; };
		83166F0B1C63988F00533D85 /* ASDKInitResponse.h */ = {isa = PBXFileReference; fileEncoding = 4; lastKnownFileType = sourcecode.c.h; path = ASDKInitResponse.h; sourceTree = "<group>"; };
		83166F0C1C63988F00533D85 /* ASDKInitResponse.m */ = {isa = PBXFileReference; fileEncoding = 4; lastKnownFileType = sourcecode.c.objc; path = ASDKInitResponse.m; sourceTree = "<group>"; };
		83166F0E1C63988F00533D85 /* ASDKRemoveCardResponse.h */ = {isa = PBXFileReference; fileEncoding = 4; lastKnownFileType = sourcecode.c.h; path = ASDKRemoveCardResponse.h; sourceTree = "<group>"; };
		83166F0F1C63988F00533D85 /* ASDKRemoveCardResponse.m */ = {isa = PBXFileReference; fileEncoding = 4; lastKnownFileType = sourcecode.c.objc; path = ASDKRemoveCardResponse.m; sourceTree = "<group>"; };
		83166F101C63988F00533D85 /* ASDKAcquiringApi.h */ = {isa = PBXFileReference; fileEncoding = 4; lastKnownFileType = sourcecode.c.h; path = ASDKAcquiringApi.h; sourceTree = "<group>"; };
		83166F111C63988F00533D85 /* ASDKAcquiringApi.m */ = {isa = PBXFileReference; fileEncoding = 4; lastKnownFileType = sourcecode.c.objc; path = ASDKAcquiringApi.m; sourceTree = "<group>"; };
		83166F121C63988F00533D85 /* ASDKAcquiringSdk.h */ = {isa = PBXFileReference; fileEncoding = 4; lastKnownFileType = sourcecode.c.h; path = ASDKAcquiringSdk.h; sourceTree = "<group>"; };
		83166F131C63988F00533D85 /* ASDKAcquiringSdk.m */ = {isa = PBXFileReference; fileEncoding = 4; lastKnownFileType = sourcecode.c.objc; path = ASDKAcquiringSdk.m; sourceTree = "<group>"; };
		83166F161C63988F00533D85 /* ASDKCryptoUtils.h */ = {isa = PBXFileReference; fileEncoding = 4; lastKnownFileType = sourcecode.c.h; path = ASDKCryptoUtils.h; sourceTree = "<group>"; };
		83166F171C63988F00533D85 /* ASDKCryptoUtils.m */ = {isa = PBXFileReference; fileEncoding = 4; lastKnownFileType = sourcecode.c.objc; path = ASDKCryptoUtils.m; sourceTree = "<group>"; };
		83166F191C63988F00533D85 /* ASDKRequestBuilder.h */ = {isa = PBXFileReference; fileEncoding = 4; lastKnownFileType = sourcecode.c.h; path = ASDKRequestBuilder.h; sourceTree = "<group>"; };
		83166F1A1C63988F00533D85 /* ASDKRequestBuilder.m */ = {isa = PBXFileReference; fileEncoding = 4; lastKnownFileType = sourcecode.c.objc; path = ASDKRequestBuilder.m; sourceTree = "<group>"; };
		83166F1C1C63988F00533D85 /* ASDKChargeRequestBuilder.h */ = {isa = PBXFileReference; fileEncoding = 4; lastKnownFileType = sourcecode.c.h; path = ASDKChargeRequestBuilder.h; sourceTree = "<group>"; };
		83166F1D1C63988F00533D85 /* ASDKChargeRequestBuilder.m */ = {isa = PBXFileReference; fileEncoding = 4; lastKnownFileType = sourcecode.c.objc; path = ASDKChargeRequestBuilder.m; sourceTree = "<group>"; };
		83166F1F1C63988F00533D85 /* ASDKFinishAuthorizeRequestBuilder.h */ = {isa = PBXFileReference; fileEncoding = 4; lastKnownFileType = sourcecode.c.h; path = ASDKFinishAuthorizeRequestBuilder.h; sourceTree = "<group>"; };
		83166F201C63988F00533D85 /* ASDKFinishAuthorizeRequestBuilder.m */ = {isa = PBXFileReference; fileEncoding = 4; lastKnownFileType = sourcecode.c.objc; path = ASDKFinishAuthorizeRequestBuilder.m; sourceTree = "<group>"; };
		83166F221C63988F00533D85 /* ASDKGetCardListRequestBuilder.h */ = {isa = PBXFileReference; fileEncoding = 4; lastKnownFileType = sourcecode.c.h; path = ASDKGetCardListRequestBuilder.h; sourceTree = "<group>"; };
		83166F231C63988F00533D85 /* ASDKGetCardListRequestBuilder.m */ = {isa = PBXFileReference; fileEncoding = 4; lastKnownFileType = sourcecode.c.objc; path = ASDKGetCardListRequestBuilder.m; sourceTree = "<group>"; };
		83166F251C63988F00533D85 /* ASDKGetStateRequestBuilder.h */ = {isa = PBXFileReference; fileEncoding = 4; lastKnownFileType = sourcecode.c.h; path = ASDKGetStateRequestBuilder.h; sourceTree = "<group>"; };
		83166F261C63988F00533D85 /* ASDKGetStateRequestBuilder.m */ = {isa = PBXFileReference; fileEncoding = 4; lastKnownFileType = sourcecode.c.objc; path = ASDKGetStateRequestBuilder.m; sourceTree = "<group>"; };
		83166F281C63988F00533D85 /* ASDKInitRequestBuilder.h */ = {isa = PBXFileReference; fileEncoding = 4; lastKnownFileType = sourcecode.c.h; path = ASDKInitRequestBuilder.h; sourceTree = "<group>"; };
		83166F291C63988F00533D85 /* ASDKInitRequestBuilder.m */ = {isa = PBXFileReference; fileEncoding = 4; lastKnownFileType = sourcecode.c.objc; path = ASDKInitRequestBuilder.m; sourceTree = "<group>"; };
		83166F2B1C63988F00533D85 /* ASDKRemoveCardRequestBuilder.h */ = {isa = PBXFileReference; fileEncoding = 4; lastKnownFileType = sourcecode.c.h; path = ASDKRemoveCardRequestBuilder.h; sourceTree = "<group>"; };
		83166F2C1C63988F00533D85 /* ASDKRemoveCardRequestBuilder.m */ = {isa = PBXFileReference; fileEncoding = 4; lastKnownFileType = sourcecode.c.objc; path = ASDKRemoveCardRequestBuilder.m; sourceTree = "<group>"; };
		83871B7D1C6CC5EF00D69603 /* ASDKStringKeyCreator.h */ = {isa = PBXFileReference; fileEncoding = 4; lastKnownFileType = sourcecode.c.h; path = ASDKStringKeyCreator.h; sourceTree = "<group>"; };
		83871B7E1C6CC5EF00D69603 /* ASDKStringKeyCreator.m */ = {isa = PBXFileReference; fileEncoding = 4; lastKnownFileType = sourcecode.c.objc; path = ASDKStringKeyCreator.m; sourceTree = "<group>"; };
		943FC86B1C6881650044C707 /* ASDKPaymentInfo.h */ = {isa = PBXFileReference; fileEncoding = 4; lastKnownFileType = sourcecode.c.h; path = ASDKPaymentInfo.h; sourceTree = "<group>"; };
		943FC86C1C6881650044C707 /* ASDKPaymentInfo.m */ = {isa = PBXFileReference; fileEncoding = 4; lastKnownFileType = sourcecode.c.objc; path = ASDKPaymentInfo.m; sourceTree = "<group>"; };
		943FC86F1C6881F10044C707 /* ASDKThreeDsData.h */ = {isa = PBXFileReference; fileEncoding = 4; lastKnownFileType = sourcecode.c.h; path = ASDKThreeDsData.h; sourceTree = "<group>"; };
		943FC8701C6881F10044C707 /* ASDKThreeDsData.m */ = {isa = PBXFileReference; fileEncoding = 4; lastKnownFileType = sourcecode.c.objc; path = ASDKThreeDsData.m; sourceTree = "<group>"; };
		946C39981C648F630036D1AF /* ASDKRSAEncryptor.h */ = {isa = PBXFileReference; fileEncoding = 4; lastKnownFileType = sourcecode.c.h; path = ASDKRSAEncryptor.h; sourceTree = "<group>"; };
		946C39991C648F630036D1AF /* ASDKRSAEncryptor.m */ = {isa = PBXFileReference; fileEncoding = 4; lastKnownFileType = sourcecode.c.objc; path = ASDKRSAEncryptor.m; sourceTree = "<group>"; };
		946C399C1C648F940036D1AF /* ASDKCardData.h */ = {isa = PBXFileReference; fileEncoding = 4; lastKnownFileType = sourcecode.c.h; path = ASDKCardData.h; sourceTree = "<group>"; };
		946C399D1C648F940036D1AF /* ASDKCardData.m */ = {isa = PBXFileReference; fileEncoding = 4; lastKnownFileType = sourcecode.c.objc; path = ASDKCardData.m; sourceTree = "<group>"; };
		946C39A21C64921A0036D1AF /* ASDKApiKeys.h */ = {isa = PBXFileReference; fileEncoding = 4; lastKnownFileType = sourcecode.c.h; path = ASDKApiKeys.h; sourceTree = "<group>"; };
		9483E8E41C69C9A2007F029A /* RSA.h */ = {isa = PBXFileReference; fileEncoding = 4; lastKnownFileType = sourcecode.c.h; name = RSA.h; path = "../API Objects/Card/RSA.h"; sourceTree = "<group>"; };
		9483E8E51C69C9A2007F029A /* RSA.m */ = {isa = PBXFileReference; fileEncoding = 4; lastKnownFileType = sourcecode.c.objc; name = RSA.m; path = "../API Objects/Card/RSA.m"; sourceTree = "<group>"; };
		BE1555341C7768EA00BEA6E1 /* ASDKAcquringSdkError.h */ = {isa = PBXFileReference; fileEncoding = 4; lastKnownFileType = sourcecode.c.h; path = ASDKAcquringSdkError.h; sourceTree = "<group>"; };
		BE1555351C7768EA00BEA6E1 /* ASDKAcquringSdkError.m */ = {isa = PBXFileReference; fileEncoding = 4; lastKnownFileType = sourcecode.c.objc; path = ASDKAcquringSdkError.m; sourceTree = "<group>"; };
		BE1555381C77690400BEA6E1 /* ASDKAcquringApiError.h */ = {isa = PBXFileReference; fileEncoding = 4; lastKnownFileType = sourcecode.c.h; path = ASDKAcquringApiError.h; sourceTree = "<group>"; };
		BE1555391C77690400BEA6E1 /* ASDKAcquringApiError.m */ = {isa = PBXFileReference; fileEncoding = 4; lastKnownFileType = sourcecode.c.objc; path = ASDKAcquringApiError.m; sourceTree = "<group>"; };
/* End PBXFileReference section */

/* Begin PBXFrameworksBuildPhase section */
		83166ECF1C63984E00533D85 /* Frameworks */ = {
			isa = PBXFrameworksBuildPhase;
			buildActionMask = 2147483647;
			files = (
			);
			runOnlyForDeploymentPostprocessing = 0;
		};
/* End PBXFrameworksBuildPhase section */

/* Begin PBXGroup section */
		83166EC91C63984E00533D85 = {
			isa = PBXGroup;
			children = (
				83166ED51C63984E00533D85 /* ASDKCore */,
				83166ED41C63984E00533D85 /* Products */,
			);
			sourceTree = "<group>";
		};
		83166ED41C63984E00533D85 /* Products */ = {
			isa = PBXGroup;
			children = (
				83166ED31C63984E00533D85 /* ASDKCore.framework */,
			);
			name = Products;
			sourceTree = "<group>";
		};
		83166ED51C63984E00533D85 /* ASDKCore */ = {
			isa = PBXGroup;
			children = (
				83166ED61C63984E00533D85 /* ASDKCore.h */,
				83166ED81C63984E00533D85 /* Info.plist */,
				83166EDE1C63988F00533D85 /* API Objects */,
				83166F101C63988F00533D85 /* ASDKAcquiringApi.h */,
				83166F111C63988F00533D85 /* ASDKAcquiringApi.m */,
				83166F121C63988F00533D85 /* ASDKAcquiringSdk.h */,
				83166F131C63988F00533D85 /* ASDKAcquiringSdk.m */,
				946C39A21C64921A0036D1AF /* ASDKApiKeys.h */,
				83166F151C63988F00533D85 /* CryptoUtils */,
				83166F181C63988F00533D85 /* RequestBuilder */,
				2CFBF58C1FCBFD180060C87F /* ASDKUtilsAmount.h */,
				2CFBF58D1FCBFD180060C87F /* ASDKUtilsAmount.m */,
				2C6EA79B24054118008348B2 /* ASDKUtilsRequest.h */,
				2C6EA79C24054118008348B2 /* ASDKUtilsRequest.m */,
			);
			path = ASDKCore;
			sourceTree = "<group>";
		};
		83166EDE1C63988F00533D85 /* API Objects */ = {
			isa = PBXGroup;
			children = (
				BE1555331C77687200BEA6E1 /* Errors */,
				83166EE11C63988F00533D85 /* ASDKBaseObject.h */,
				83166EE21C63988F00533D85 /* ASDKBaseObject.m */,
				83166EE31C63988F00533D85 /* Card */,
				83166EE61C63988F00533D85 /* Request */,
				83166EFB1C63988F00533D85 /* Response */,
			);
			path = "API Objects";
			sourceTree = "<group>";
		};
		83166EE31C63988F00533D85 /* Card */ = {
			isa = PBXGroup;
			children = (
				83166EE41C63988F00533D85 /* ASDKCard.h */,
				83166EE51C63988F00533D85 /* ASDKCard.m */,
				946C399C1C648F940036D1AF /* ASDKCardData.h */,
				946C399D1C648F940036D1AF /* ASDKCardData.m */,
			);
			path = Card;
			sourceTree = "<group>";
		};
		83166EE61C63988F00533D85 /* Request */ = {
			isa = PBXGroup;
			children = (
				83166EE71C63988F00533D85 /* ASDKAcquiringRequest.h */,
				83166EE81C63988F00533D85 /* ASDKAcquiringRequest.m */,
				2C352DAD1E4B17A5008215A5 /* ASDKCancelRequest.h */,
				2C352DAE1E4B17A5008215A5 /* ASDKCancelRequest.m */,
				2C1C133F1F8F5C4E002B636F /* ASDKRequestAddCardInit.h */,
				2C1C13401F8F5C4E002B636F /* ASDKRequestAddCardInit.m */,
				2C1C13431F8F6184002B636F /* ASDKRequestAttachCard.h */,
				2C1C13441F8F6184002B636F /* ASDKRequestAttachCard.m */,
				2C6E6B951F94902500B345B9 /* ASDKRequestGetAttachCardState.h */,
				2C6E6B961F94902500B345B9 /* ASDKRequestGetAttachCardState.m */,
				2C6E6BA71F94CB0300B345B9 /* ASDKRequestSubmitRandomAmount.h */,
				2C6E6BA81F94CB0300B345B9 /* ASDKRequestSubmitRandomAmount.m */,
				2CA68BF923FA6D9B0061FEF6 /* ASDKRequestCheck3dsVersion.h */,
				2CA68BFA23FA6D9B0061FEF6 /* ASDKRequestCheck3dsVersion.m */,
				83166EE91C63988F00533D85 /* Charge */,
				83166EEC1C63988F00533D85 /* FinishAuthorize */,
				83166EEF1C63988F00533D85 /* GetCardList */,
				83166EF21C63988F00533D85 /* GetState */,
				83166EF51C63988F00533D85 /* Init */,
				83166EF81C63988F00533D85 /* RemoveCard */,
			);
			path = Request;
			sourceTree = "<group>";
		};
		83166EE91C63988F00533D85 /* Charge */ = {
			isa = PBXGroup;
			children = (
				83166EEA1C63988F00533D85 /* ASDKChargeRequest.h */,
				83166EEB1C63988F00533D85 /* ASDKChargeRequest.m */,
			);
			path = Charge;
			sourceTree = "<group>";
		};
		83166EEC1C63988F00533D85 /* FinishAuthorize */ = {
			isa = PBXGroup;
			children = (
				83166EED1C63988F00533D85 /* ASDKFinishAuthorizeRequest.h */,
				83166EEE1C63988F00533D85 /* ASDKFinishAuthorizeRequest.m */,
			);
			path = FinishAuthorize;
			sourceTree = "<group>";
		};
		83166EEF1C63988F00533D85 /* GetCardList */ = {
			isa = PBXGroup;
			children = (
				83166EF01C63988F00533D85 /* ASDKGetCardListRequest.h */,
				83166EF11C63988F00533D85 /* ASDKGetCardListRequest.m */,
			);
			path = GetCardList;
			sourceTree = "<group>";
		};
		83166EF21C63988F00533D85 /* GetState */ = {
			isa = PBXGroup;
			children = (
				83166EF31C63988F00533D85 /* ASDKGetStateRequest.h */,
				83166EF41C63988F00533D85 /* ASDKGetStateRequest.m */,
			);
			path = GetState;
			sourceTree = "<group>";
		};
		83166EF51C63988F00533D85 /* Init */ = {
			isa = PBXGroup;
			children = (
				83166EF61C63988F00533D85 /* ASDKInitRequest.h */,
				83166EF71C63988F00533D85 /* ASDKInitRequest.m */,
			);
			path = Init;
			sourceTree = "<group>";
		};
		83166EF81C63988F00533D85 /* RemoveCard */ = {
			isa = PBXGroup;
			children = (
				83166EF91C63988F00533D85 /* ASDKRemoveCardRequest.h */,
				83166EFA1C63988F00533D85 /* ASDKRemoveCardRequest.m */,
			);
			path = RemoveCard;
			sourceTree = "<group>";
		};
		83166EFB1C63988F00533D85 /* Response */ = {
			isa = PBXGroup;
			children = (
				83166EFC1C63988F00533D85 /* ASDKAcquiringResponse.h */,
				83166EFD1C63988F00533D85 /* ASDKAcquiringResponse.m */,
				2C352DB11E4B1A66008215A5 /* ASDKCancelResponse.h */,
				2C352DB21E4B1A66008215A5 /* ASDKCancelResponse.m */,
				2C1C13471F8F8112002B636F /* ASDKResponseAddCardInit.h */,
				2C1C13481F8F8112002B636F /* ASDKResponseAddCardInit.m */,
				2C1C13511F8FA60C002B636F /* ASDKResponseAttachCard.h */,
				2C1C13521F8FA60C002B636F /* ASDKResponseAttachCard.m */,
				2C6E6B9D1F949F9700B345B9 /* ASDKResponseGetAddCardState.h */,
				2C6E6B9E1F949F9700B345B9 /* ASDKResponseGetAddCardState.m */,
				2CA68BFD23FA7CB80061FEF6 /* ASDKResponseCheck3dsVersion.h */,
				2CA68BFE23FA7CB80061FEF6 /* ASDKResponseCheck3dsVersion.m */,
				943FC8691C6881550044C707 /* PaymentInfo */,
				943FC86A1C6881550044C707 /* ThreeDsData */,
				83166EFE1C63988F00533D85 /* Charge */,
				83166F011C63988F00533D85 /* FinishAuthorize */,
				83166F041C63988F00533D85 /* GetCardList */,
				83166F071C63988F00533D85 /* GetState */,
				83166F0A1C63988F00533D85 /* Init */,
				83166F0D1C63988F00533D85 /* RemoveCard */,
			);
			path = Response;
			sourceTree = "<group>";
		};
		83166EFE1C63988F00533D85 /* Charge */ = {
			isa = PBXGroup;
			children = (
				83166EFF1C63988F00533D85 /* ASDKChargeResponse.h */,
				83166F001C63988F00533D85 /* ASDKChargeResponse.m */,
			);
			path = Charge;
			sourceTree = "<group>";
		};
		83166F011C63988F00533D85 /* FinishAuthorize */ = {
			isa = PBXGroup;
			children = (
				83166F021C63988F00533D85 /* ASDKFinishAuthorizeResponse.h */,
				83166F031C63988F00533D85 /* ASDKFinishAuthorizeResponse.m */,
			);
			path = FinishAuthorize;
			sourceTree = "<group>";
		};
		83166F041C63988F00533D85 /* GetCardList */ = {
			isa = PBXGroup;
			children = (
				83166F051C63988F00533D85 /* ASDKGetCardListResponse.h */,
				83166F061C63988F00533D85 /* ASDKGetCardListResponse.m */,
			);
			path = GetCardList;
			sourceTree = "<group>";
		};
		83166F071C63988F00533D85 /* GetState */ = {
			isa = PBXGroup;
			children = (
				83166F081C63988F00533D85 /* ASDKGetStateResponse.h */,
				83166F091C63988F00533D85 /* ASDKGetStateResponse.m */,
			);
			path = GetState;
			sourceTree = "<group>";
		};
		83166F0A1C63988F00533D85 /* Init */ = {
			isa = PBXGroup;
			children = (
				83166F0B1C63988F00533D85 /* ASDKInitResponse.h */,
				83166F0C1C63988F00533D85 /* ASDKInitResponse.m */,
			);
			path = Init;
			sourceTree = "<group>";
		};
		83166F0D1C63988F00533D85 /* RemoveCard */ = {
			isa = PBXGroup;
			children = (
				83166F0E1C63988F00533D85 /* ASDKRemoveCardResponse.h */,
				83166F0F1C63988F00533D85 /* ASDKRemoveCardResponse.m */,
			);
			path = RemoveCard;
			sourceTree = "<group>";
		};
		83166F151C63988F00533D85 /* CryptoUtils */ = {
			isa = PBXGroup;
			children = (
				9483E8E41C69C9A2007F029A /* RSA.h */,
				9483E8E51C69C9A2007F029A /* RSA.m */,
				83871B7D1C6CC5EF00D69603 /* ASDKStringKeyCreator.h */,
				83871B7E1C6CC5EF00D69603 /* ASDKStringKeyCreator.m */,
				83166F161C63988F00533D85 /* ASDKCryptoUtils.h */,
				83166F171C63988F00533D85 /* ASDKCryptoUtils.m */,
				946C39981C648F630036D1AF /* ASDKRSAEncryptor.h */,
				946C39991C648F630036D1AF /* ASDKRSAEncryptor.m */,
			);
			path = CryptoUtils;
			sourceTree = "<group>";
		};
		83166F181C63988F00533D85 /* RequestBuilder */ = {
			isa = PBXGroup;
			children = (
				83166F191C63988F00533D85 /* ASDKRequestBuilder.h */,
				83166F1A1C63988F00533D85 /* ASDKRequestBuilder.m */,
				2C352DA91E4B1707008215A5 /* ASDKCancelRequestBuilder.h */,
				2C352DAA1E4B1707008215A5 /* ASDKCancelRequestBuilder.m */,
				2C1C133B1F8F5AF2002B636F /* ASDKRequestBuilderAddCardInit.h */,
				2C1C133C1F8F5AF2002B636F /* ASDKRequestBuilderAddCardInit.m */,
				2C1C134B1F8F8241002B636F /* ASDKRequestBuilderAttachCard.h */,
				2C1C134C1F8F8241002B636F /* ASDKRequestBuilderAttachCard.m */,
				2C6E6B991F949C2700B345B9 /* ASDKRequestBuilderGetAttachCardState.h */,
				2C6E6B9A1F949C2700B345B9 /* ASDKRequestBuilderGetAttachCardState.m */,
				2C6E6BAB1F94CC2700B345B9 /* ASDKRequestBuilderSubmitRandomAmount.h */,
				2C6E6BAC1F94CC2700B345B9 /* ASDKRequestBuilderSubmitRandomAmount.m */,
				2CA68C0123FA82C70061FEF6 /* ASDKRequestBuilderCheck3dsVersion.h */,
				2CA68C0223FA82C70061FEF6 /* ASDKRequestBuilderCheck3dsVersion.m */,
				83166F1B1C63988F00533D85 /* Charge */,
				83166F1E1C63988F00533D85 /* FinishAuthorize */,
				83166F211C63988F00533D85 /* GetCardList */,
				83166F241C63988F00533D85 /* GetState */,
				83166F271C63988F00533D85 /* Init */,
				83166F2A1C63988F00533D85 /* RemoveCard */,
			);
			path = RequestBuilder;
			sourceTree = "<group>";
		};
		83166F1B1C63988F00533D85 /* Charge */ = {
			isa = PBXGroup;
			children = (
				83166F1C1C63988F00533D85 /* ASDKChargeRequestBuilder.h */,
				83166F1D1C63988F00533D85 /* ASDKChargeRequestBuilder.m */,
			);
			path = Charge;
			sourceTree = "<group>";
		};
		83166F1E1C63988F00533D85 /* FinishAuthorize */ = {
			isa = PBXGroup;
			children = (
				83166F1F1C63988F00533D85 /* ASDKFinishAuthorizeRequestBuilder.h */,
				83166F201C63988F00533D85 /* ASDKFinishAuthorizeRequestBuilder.m */,
			);
			path = FinishAuthorize;
			sourceTree = "<group>";
		};
		83166F211C63988F00533D85 /* GetCardList */ = {
			isa = PBXGroup;
			children = (
				83166F221C63988F00533D85 /* ASDKGetCardListRequestBuilder.h */,
				83166F231C63988F00533D85 /* ASDKGetCardListRequestBuilder.m */,
			);
			path = GetCardList;
			sourceTree = "<group>";
		};
		83166F241C63988F00533D85 /* GetState */ = {
			isa = PBXGroup;
			children = (
				83166F251C63988F00533D85 /* ASDKGetStateRequestBuilder.h */,
				83166F261C63988F00533D85 /* ASDKGetStateRequestBuilder.m */,
			);
			path = GetState;
			sourceTree = "<group>";
		};
		83166F271C63988F00533D85 /* Init */ = {
			isa = PBXGroup;
			children = (
				83166F281C63988F00533D85 /* ASDKInitRequestBuilder.h */,
				83166F291C63988F00533D85 /* ASDKInitRequestBuilder.m */,
			);
			path = Init;
			sourceTree = "<group>";
		};
		83166F2A1C63988F00533D85 /* RemoveCard */ = {
			isa = PBXGroup;
			children = (
				83166F2B1C63988F00533D85 /* ASDKRemoveCardRequestBuilder.h */,
				83166F2C1C63988F00533D85 /* ASDKRemoveCardRequestBuilder.m */,
			);
			path = RemoveCard;
			sourceTree = "<group>";
		};
		943FC8691C6881550044C707 /* PaymentInfo */ = {
			isa = PBXGroup;
			children = (
				943FC86B1C6881650044C707 /* ASDKPaymentInfo.h */,
				943FC86C1C6881650044C707 /* ASDKPaymentInfo.m */,
			);
			path = PaymentInfo;
			sourceTree = "<group>";
		};
		943FC86A1C6881550044C707 /* ThreeDsData */ = {
			isa = PBXGroup;
			children = (
				943FC86F1C6881F10044C707 /* ASDKThreeDsData.h */,
				943FC8701C6881F10044C707 /* ASDKThreeDsData.m */,
			);
			path = ThreeDsData;
			sourceTree = "<group>";
		};
		BE1555331C77687200BEA6E1 /* Errors */ = {
			isa = PBXGroup;
			children = (
				BE1555341C7768EA00BEA6E1 /* ASDKAcquringSdkError.h */,
				BE1555351C7768EA00BEA6E1 /* ASDKAcquringSdkError.m */,
				BE1555381C77690400BEA6E1 /* ASDKAcquringApiError.h */,
				BE1555391C77690400BEA6E1 /* ASDKAcquringApiError.m */,
			);
			path = Errors;
			sourceTree = "<group>";
		};
/* End PBXGroup section */

/* Begin PBXHeadersBuildPhase section */
		83166ED01C63984E00533D85 /* Headers */ = {
			isa = PBXHeadersBuildPhase;
			buildActionMask = 2147483647;
			files = (
				2C1C13491F8F8112002B636F /* ASDKResponseAddCardInit.h in Headers */,
				BE15553A1C77690400BEA6E1 /* ASDKAcquringApiError.h in Headers */,
				83166F511C63988F00533D85 /* ASDKAcquiringSdk.h in Headers */,
				2C1C13411F8F5C4E002B636F /* ASDKRequestAddCardInit.h in Headers */,
				83166F5A1C63988F00533D85 /* ASDKFinishAuthorizeRequestBuilder.h in Headers */,
				83166F561C63988F00533D85 /* ASDKRequestBuilder.h in Headers */,
				83166F391C63988F00533D85 /* ASDKGetCardListRequest.h in Headers */,
				83166F4B1C63988F00533D85 /* ASDKInitResponse.h in Headers */,
				2C6E6BAD1F94CC2700B345B9 /* ASDKRequestBuilderSubmitRandomAmount.h in Headers */,
				83166F3B1C63988F00533D85 /* ASDKGetStateRequest.h in Headers */,
				BE1555361C7768EA00BEA6E1 /* ASDKAcquringSdkError.h in Headers */,
				83166F581C63988F00533D85 /* ASDKChargeRequestBuilder.h in Headers */,
				83166F2F1C63988F00533D85 /* ASDKBaseObject.h in Headers */,
				83166F5E1C63988F00533D85 /* ASDKGetStateRequestBuilder.h in Headers */,
				83166F541C63988F00533D85 /* ASDKCryptoUtils.h in Headers */,
				2C6E6B9B1F949C2700B345B9 /* ASDKRequestBuilderGetAttachCardState.h in Headers */,
				2CA68C0323FA82C70061FEF6 /* ASDKRequestBuilderCheck3dsVersion.h in Headers */,
				83166F5C1C63988F00533D85 /* ASDKGetCardListRequestBuilder.h in Headers */,
				83166F471C63988F00533D85 /* ASDKGetCardListResponse.h in Headers */,
				2C6E6B971F94902500B345B9 /* ASDKRequestGetAttachCardState.h in Headers */,
				83166F601C63988F00533D85 /* ASDKInitRequestBuilder.h in Headers */,
				83166F331C63988F00533D85 /* ASDKAcquiringRequest.h in Headers */,
				83166F621C63988F00533D85 /* ASDKRemoveCardRequestBuilder.h in Headers */,
				946C399A1C648F630036D1AF /* ASDKRSAEncryptor.h in Headers */,
				83166F351C63988F00533D85 /* ASDKChargeRequest.h in Headers */,
				BE7E027C1C73407600DF6230 /* ASDKCard.h in Headers */,
				83166F411C63988F00533D85 /* ASDKAcquiringResponse.h in Headers */,
				946C399E1C648F940036D1AF /* ASDKCardData.h in Headers */,
				2C352DAB1E4B1707008215A5 /* ASDKCancelRequestBuilder.h in Headers */,
				2CA68BFB23FA6D9B0061FEF6 /* ASDKRequestCheck3dsVersion.h in Headers */,
				2CFBF58E1FCBFD180060C87F /* ASDKUtilsAmount.h in Headers */,
				2C1C13451F8F6184002B636F /* ASDKRequestAttachCard.h in Headers */,
				943FC86D1C6881650044C707 /* ASDKPaymentInfo.h in Headers */,
				83166F4F1C63988F00533D85 /* ASDKAcquiringApi.h in Headers */,
				943FC8711C6881F10044C707 /* ASDKThreeDsData.h in Headers */,
				83166F451C63988F00533D85 /* ASDKFinishAuthorizeResponse.h in Headers */,
				2C1C134D1F8F8241002B636F /* ASDKRequestBuilderAttachCard.h in Headers */,
				2C1C13531F8FA60C002B636F /* ASDKResponseAttachCard.h in Headers */,
				83166ED71C63984E00533D85 /* ASDKCore.h in Headers */,
				2C352DB31E4B1A66008215A5 /* ASDKCancelResponse.h in Headers */,
				83166F431C63988F00533D85 /* ASDKChargeResponse.h in Headers */,
				2CA68BFF23FA7CB80061FEF6 /* ASDKResponseCheck3dsVersion.h in Headers */,
				83166F3F1C63988F00533D85 /* ASDKRemoveCardRequest.h in Headers */,
				2C6E6BA91F94CB0300B345B9 /* ASDKRequestSubmitRandomAmount.h in Headers */,
				946C39A31C64921A0036D1AF /* ASDKApiKeys.h in Headers */,
				83166F371C63988F00533D85 /* ASDKFinishAuthorizeRequest.h in Headers */,
				2C1C133D1F8F5AF2002B636F /* ASDKRequestBuilderAddCardInit.h in Headers */,
				2C6E6B9F1F949F9700B345B9 /* ASDKResponseGetAddCardState.h in Headers */,
				2C6EA79D24054118008348B2 /* ASDKUtilsRequest.h in Headers */,
				83166F4D1C63988F00533D85 /* ASDKRemoveCardResponse.h in Headers */,
				9483E8E61C69C9A2007F029A /* RSA.h in Headers */,
				83166F3D1C63988F00533D85 /* ASDKInitRequest.h in Headers */,
				83166F491C63988F00533D85 /* ASDKGetStateResponse.h in Headers */,
				83871B7F1C6CC5EF00D69603 /* ASDKStringKeyCreator.h in Headers */,
				2C352DAF1E4B17A5008215A5 /* ASDKCancelRequest.h in Headers */,
			);
			runOnlyForDeploymentPostprocessing = 0;
		};
/* End PBXHeadersBuildPhase section */

/* Begin PBXNativeTarget section */
		83166ED21C63984E00533D85 /* ASDKCore */ = {
			isa = PBXNativeTarget;
			buildConfigurationList = 83166EDB1C63984E00533D85 /* Build configuration list for PBXNativeTarget "ASDKCore" */;
			buildPhases = (
				83166ECE1C63984E00533D85 /* Sources */,
				83166ECF1C63984E00533D85 /* Frameworks */,
				83166ED01C63984E00533D85 /* Headers */,
				83166ED11C63984E00533D85 /* Resources */,
			);
			buildRules = (
			);
			dependencies = (
			);
			name = ASDKCore;
			productName = ASDKCore;
			productReference = 83166ED31C63984E00533D85 /* ASDKCore.framework */;
			productType = "com.apple.product-type.framework";
		};
/* End PBXNativeTarget section */

/* Begin PBXProject section */
		83166ECA1C63984E00533D85 /* Project object */ = {
			isa = PBXProject;
			attributes = {
				CLASSPREFIX = ASDK;
				LastUpgradeCheck = 1200;
				ORGANIZATIONNAME = "TCS Bank";
				TargetAttributes = {
					83166ED21C63984E00533D85 = {
						CreatedOnToolsVersion = 7.2;
					};
					8316723A1C6477E300533D85 = {
						CreatedOnToolsVersion = 7.2;
					};
				};
			};
			buildConfigurationList = 83166ECD1C63984E00533D85 /* Build configuration list for PBXProject "ASDKCore" */;
			compatibilityVersion = "Xcode 3.2";
			developmentRegion = en;
			hasScannedForEncodings = 0;
			knownRegions = (
				en,
				Base,
			);
			mainGroup = 83166EC91C63984E00533D85;
			productRefGroup = 83166ED41C63984E00533D85 /* Products */;
			projectDirPath = "";
			projectRoot = "";
			targets = (
				83166ED21C63984E00533D85 /* ASDKCore */,
				8316723A1C6477E300533D85 /* ASDKCore-universal */,
			);
		};
/* End PBXProject section */

/* Begin PBXResourcesBuildPhase section */
		83166ED11C63984E00533D85 /* Resources */ = {
			isa = PBXResourcesBuildPhase;
			buildActionMask = 2147483647;
			files = (
			);
			runOnlyForDeploymentPostprocessing = 0;
		};
/* End PBXResourcesBuildPhase section */

/* Begin PBXShellScriptBuildPhase section */
		8316723E1C6477ED00533D85 /* ShellScript */ = {
			isa = PBXShellScriptBuildPhase;
			buildActionMask = 2147483647;
			files = (
			);
			inputPaths = (
			);
			outputPaths = (
			);
			runOnlyForDeploymentPostprocessing = 0;
			shellPath = /bin/sh;
			shellScript = "# Merge Script\n\n# 1\n# Set bash script to exit immediately if any commands fail.\nset -e\n\n# 2\n# Setup some constants for use later on.\nFRAMEWORK_NAME=\"ASDKCore\"\nSAMPLEAPP_NAME=\"ASDKSampleApp\"\n\nUNIVERSAL_OUTPUTFOLDER=${SRCROOT}/Builds/Core-${CONFIGURATION}-universal\nIPHONE_DEVICE_BUILD_DIR=${SRCROOT}/Builds/Core-${CONFIGURATION}-iphoneos\nIPHONE_SIMULATOR_BUILD_DIR=${SRCROOT}/Builds/Core-${CONFIGURATION}-iphonesimulator\n\nSAMPLEAPP_FRAMEWORKFOLDER=${SRCROOT}/\"SampleProject\"/${SAMPLEAPP_NAME}/\"ASDK\"\n\n# 3\n# If remnants from a previous build exist, delete them.\n\nif [ -d \"${UNIVERSAL_OUTPUTFOLDER}\" ]; then\nrm -rf \"${UNIVERSAL_OUTPUTFOLDER}\"\nfi\nmkdir -p \"${UNIVERSAL_OUTPUTFOLDER}\"\n\nif [ -d \"${IPHONE_DEVICE_BUILD_DIR}\" ]; then\nrm -rf \"${IPHONE_DEVICE_BUILD_DIR}\"\nfi\nmkdir -p \"${IPHONE_DEVICE_BUILD_DIR}\"\n\nif [ -d \"${IPHONE_SIMULATOR_BUILD_DIR}\" ]; then\nrm -rf \"${IPHONE_SIMULATOR_BUILD_DIR}\"\nfi\nmkdir -p \"${IPHONE_SIMULATOR_BUILD_DIR}\"\n\n# 4\n# Build the framework for device and for simulator (using\n# all needed architectures).\n\nxcodebuild -project \"ASDKCore.xcodeproj\" -target \"ASDKCore\" -configuration \"${CONFIGURATION}\" clean build -arch arm64 -arch armv7 -arch armv7s only_active_arch=no defines_module=yes -sdk iphoneos CONFIGURATION_BUILD_DIR=\"${IPHONE_DEVICE_BUILD_DIR}\" OTHER_CFLAGS=\"-fembed-bitcode\"\n\nxcodebuild -project \"ASDKCore.xcodeproj\" -target \"ASDKCore\" -configuration \"${CONFIGURATION}\" clean build -arch x86_64 -arch i386 only_active_arch=no defines_module=yes -sdk iphonesimulator CONFIGURATION_BUILD_DIR=\"${IPHONE_SIMULATOR_BUILD_DIR}\" OTHER_CFLAGS=\"-fembed-bitcode\"\n\n\n\n# 5\n# Remove .framework file if exists on Desktop from previous run.\nif [ -d \"${UNIVERSAL_OUTPUTFOLDER}/${FRAMEWORK_NAME}.framework\" ]; then\nrm -rf \"${UNIVERSAL_OUTPUTFOLDER}/${FRAMEWORK_NAME}.framework\"\nfi\n\n# 6\n# Copy the device version of framework to Desktop.\ncp -r \"${IPHONE_DEVICE_BUILD_DIR}/${FRAMEWORK_NAME}.framework\" \"${UNIVERSAL_OUTPUTFOLDER}/${FRAMEWORK_NAME}.framework\"\n\n# 7\n# Replace the framework executable within the framework with\n# a new version created by merging the device and simulator\n# frameworks' executables with lipo.\nlipo -create -output \"${UNIVERSAL_OUTPUTFOLDER}/${FRAMEWORK_NAME}.framework/${FRAMEWORK_NAME}\" \"${IPHONE_DEVICE_BUILD_DIR}/${FRAMEWORK_NAME}.framework/${FRAMEWORK_NAME}\" \"${IPHONE_SIMULATOR_BUILD_DIR}/${FRAMEWORK_NAME}.framework/${FRAMEWORK_NAME}\"\n\n# 8\n# Copy the Swift module mappings for the simulator into the\n# framework.  The device mappings already exist from step 6.\nif [ -d \"${IPHONE_SIMULATOR_BUILD_DIR}/${FRAMEWORK_NAME}.framework/Modules/{FRAMEWORK_NAME}.swiftmodule/\" ]; then\ncp -r \"${IPHONE_SIMULATOR_BUILD_DIR}/${FRAMEWORK_NAME}.framework/Modules/${FRAMEWORK_NAME}.swiftmodule/\" \"${UNIVERSAL_OUTPUTFOLDER}/${FRAMEWORK_NAME}.framework/Modules/${FRAMEWORK_NAME}.swiftmodule\"\nfi\n\n# 9\n# Delete the most recent build.\nif [ -d \"${IPHONE_DEVICE_BUILD_DIR}\" ]; then\nrm -rf \"${IPHONE_DEVICE_BUILD_DIR}\"\nfi\n\nif [ -d \"${IPHONE_SIMULATOR_BUILD_DIR}\" ]; then\nrm -rf \"${IPHONE_SIMULATOR_BUILD_DIR}\"\nfi\n\nif [ -d \"${SAMPLEAPP_FRAMEWORKFOLDER}/${FRAMEWORK_NAME}.framework\" ]; then\nrm -rf \"${SAMPLEAPP_FRAMEWORKFOLDER}/${FRAMEWORK_NAME}.framework\"\n\ncp -r \"${UNIVERSAL_OUTPUTFOLDER}/${FRAMEWORK_NAME}.framework\" \"${SAMPLEAPP_FRAMEWORKFOLDER}\"\nfi";
		};
/* End PBXShellScriptBuildPhase section */

/* Begin PBXSourcesBuildPhase section */
		83166ECE1C63984E00533D85 /* Sources */ = {
			isa = PBXSourcesBuildPhase;
			buildActionMask = 2147483647;
			files = (
				2C1C13541F8FA60C002B636F /* ASDKResponseAttachCard.m in Sources */,
				9483E8E71C69C9A2007F029A /* RSA.m in Sources */,
				83166F591C63988F00533D85 /* ASDKChargeRequestBuilder.m in Sources */,
				2C1C13461F8F6184002B636F /* ASDKRequestAttachCard.m in Sources */,
				2C6EA79E24054118008348B2 /* ASDKUtilsRequest.m in Sources */,
				83166F5B1C63988F00533D85 /* ASDKFinishAuthorizeRequestBuilder.m in Sources */,
				2C352DB41E4B1A66008215A5 /* ASDKCancelResponse.m in Sources */,
				943FC8721C6881F10044C707 /* ASDKThreeDsData.m in Sources */,
				83166F4E1C63988F00533D85 /* ASDKRemoveCardResponse.m in Sources */,
				943FC86E1C6881650044C707 /* ASDKPaymentInfo.m in Sources */,
				83166F461C63988F00533D85 /* ASDKFinishAuthorizeResponse.m in Sources */,
				2C1C134E1F8F8241002B636F /* ASDKRequestBuilderAttachCard.m in Sources */,
				2C6E6B981F94902500B345B9 /* ASDKRequestGetAttachCardState.m in Sources */,
				83166F571C63988F00533D85 /* ASDKRequestBuilder.m in Sources */,
				2C352DAC1E4B1707008215A5 /* ASDKCancelRequestBuilder.m in Sources */,
				83166F401C63988F00533D85 /* ASDKRemoveCardRequest.m in Sources */,
				BE15553B1C77690400BEA6E1 /* ASDKAcquringApiError.m in Sources */,
				2C1C13421F8F5C4E002B636F /* ASDKRequestAddCardInit.m in Sources */,
				83166F3A1C63988F00533D85 /* ASDKGetCardListRequest.m in Sources */,
				83166F4C1C63988F00533D85 /* ASDKInitResponse.m in Sources */,
				83166F521C63988F00533D85 /* ASDKAcquiringSdk.m in Sources */,
				83166F3E1C63988F00533D85 /* ASDKInitRequest.m in Sources */,
				946C399F1C648F940036D1AF /* ASDKCardData.m in Sources */,
				2C6E6B9C1F949C2700B345B9 /* ASDKRequestBuilderGetAttachCardState.m in Sources */,
				2C352DB01E4B17A5008215A5 /* ASDKCancelRequest.m in Sources */,
				83166F441C63988F00533D85 /* ASDKChargeResponse.m in Sources */,
				83166F631C63988F00533D85 /* ASDKRemoveCardRequestBuilder.m in Sources */,
				83166F341C63988F00533D85 /* ASDKAcquiringRequest.m in Sources */,
				83166F481C63988F00533D85 /* ASDKGetCardListResponse.m in Sources */,
				2C9BE102233904F60094347D /* ASDKCard.m in Sources */,
				BE1555371C7768EA00BEA6E1 /* ASDKAcquringSdkError.m in Sources */,
				2C6E6BAE1F94CC2700B345B9 /* ASDKRequestBuilderSubmitRandomAmount.m in Sources */,
				2CA68C0023FA7CB80061FEF6 /* ASDKResponseCheck3dsVersion.m in Sources */,
				83166F381C63988F00533D85 /* ASDKFinishAuthorizeRequest.m in Sources */,
				2C1C133E1F8F5AF2002B636F /* ASDKRequestBuilderAddCardInit.m in Sources */,
				83166F5F1C63988F00533D85 /* ASDKGetStateRequestBuilder.m in Sources */,
				2CA68C0423FA82C70061FEF6 /* ASDKRequestBuilderCheck3dsVersion.m in Sources */,
				83166F301C63988F00533D85 /* ASDKBaseObject.m in Sources */,
				83166F361C63988F00533D85 /* ASDKChargeRequest.m in Sources */,
				83166F421C63988F00533D85 /* ASDKAcquiringResponse.m in Sources */,
				83871B801C6CC5EF00D69603 /* ASDKStringKeyCreator.m in Sources */,
				83166F501C63988F00533D85 /* ASDKAcquiringApi.m in Sources */,
				83166F4A1C63988F00533D85 /* ASDKGetStateResponse.m in Sources */,
				2CFBF58F1FCBFD180060C87F /* ASDKUtilsAmount.m in Sources */,
				2CA68BFC23FA6D9B0061FEF6 /* ASDKRequestCheck3dsVersion.m in Sources */,
				2C6E6BA01F949F9700B345B9 /* ASDKResponseGetAddCardState.m in Sources */,
				2C1C134A1F8F8112002B636F /* ASDKResponseAddCardInit.m in Sources */,
				83166F5D1C63988F00533D85 /* ASDKGetCardListRequestBuilder.m in Sources */,
				83166F3C1C63988F00533D85 /* ASDKGetStateRequest.m in Sources */,
				83166F551C63988F00533D85 /* ASDKCryptoUtils.m in Sources */,
				2C6E6BAA1F94CB0300B345B9 /* ASDKRequestSubmitRandomAmount.m in Sources */,
				946C399B1C648F630036D1AF /* ASDKRSAEncryptor.m in Sources */,
				83166F611C63988F00533D85 /* ASDKInitRequestBuilder.m in Sources */,
			);
			runOnlyForDeploymentPostprocessing = 0;
		};
/* End PBXSourcesBuildPhase section */

/* Begin XCBuildConfiguration section */
		83166ED91C63984E00533D85 /* Debug */ = {
			isa = XCBuildConfiguration;
			buildSettings = {
				ALWAYS_SEARCH_USER_PATHS = NO;
				CLANG_ANALYZER_LOCALIZABILITY_NONLOCALIZED = YES;
				CLANG_CXX_LANGUAGE_STANDARD = "gnu++0x";
				CLANG_CXX_LIBRARY = "libc++";
				CLANG_ENABLE_MODULES = YES;
				CLANG_ENABLE_OBJC_ARC = YES;
				CLANG_WARN_BLOCK_CAPTURE_AUTORELEASING = YES;
				CLANG_WARN_BOOL_CONVERSION = YES;
				CLANG_WARN_COMMA = YES;
				CLANG_WARN_CONSTANT_CONVERSION = YES;
				CLANG_WARN_DEPRECATED_OBJC_IMPLEMENTATIONS = YES;
				CLANG_WARN_DIRECT_OBJC_ISA_USAGE = YES_ERROR;
				CLANG_WARN_EMPTY_BODY = YES;
				CLANG_WARN_ENUM_CONVERSION = YES;
				CLANG_WARN_INFINITE_RECURSION = YES;
				CLANG_WARN_INT_CONVERSION = YES;
				CLANG_WARN_NON_LITERAL_NULL_CONVERSION = YES;
				CLANG_WARN_OBJC_IMPLICIT_RETAIN_SELF = YES;
				CLANG_WARN_OBJC_LITERAL_CONVERSION = YES;
				CLANG_WARN_OBJC_ROOT_CLASS = YES_ERROR;
				CLANG_WARN_QUOTED_INCLUDE_IN_FRAMEWORK_HEADER = YES;
				CLANG_WARN_RANGE_LOOP_ANALYSIS = YES;
				CLANG_WARN_STRICT_PROTOTYPES = YES;
				CLANG_WARN_SUSPICIOUS_MOVE = YES;
				CLANG_WARN_UNREACHABLE_CODE = YES;
				CLANG_WARN__DUPLICATE_METHOD_MATCH = YES;
				"CODE_SIGN_IDENTITY[sdk=iphoneos*]" = "iPhone Developer";
				COPY_PHASE_STRIP = NO;
				CURRENT_PROJECT_VERSION = 1;
				DEBUG_INFORMATION_FORMAT = dwarf;
				ENABLE_BITCODE = YES;
				ENABLE_STRICT_OBJC_MSGSEND = YES;
				ENABLE_TESTABILITY = YES;
				GCC_C_LANGUAGE_STANDARD = gnu99;
				GCC_DYNAMIC_NO_PIC = NO;
				GCC_NO_COMMON_BLOCKS = YES;
				GCC_OPTIMIZATION_LEVEL = 0;
				GCC_PREPROCESSOR_DEFINITIONS = (
					"DEBUG=1",
					"$(inherited)",
				);
				GCC_WARN_64_TO_32_BIT_CONVERSION = YES;
				GCC_WARN_ABOUT_RETURN_TYPE = YES_ERROR;
				GCC_WARN_UNDECLARED_SELECTOR = YES;
				GCC_WARN_UNINITIALIZED_AUTOS = YES_AGGRESSIVE;
				GCC_WARN_UNUSED_FUNCTION = YES;
				GCC_WARN_UNUSED_VARIABLE = YES;
				IPHONEOS_DEPLOYMENT_TARGET = 9.0;
				MTL_ENABLE_DEBUG_INFO = YES;
				ONLY_ACTIVE_ARCH = YES;
				SDKROOT = iphoneos;
				TARGETED_DEVICE_FAMILY = "1,2";
				VERSIONING_SYSTEM = "apple-generic";
				VERSION_INFO_PREFIX = "";
			};
			name = Debug;
		};
		83166EDA1C63984E00533D85 /* Release */ = {
			isa = XCBuildConfiguration;
			buildSettings = {
				ALWAYS_SEARCH_USER_PATHS = NO;
				CLANG_ANALYZER_LOCALIZABILITY_NONLOCALIZED = YES;
				CLANG_CXX_LANGUAGE_STANDARD = "gnu++0x";
				CLANG_CXX_LIBRARY = "libc++";
				CLANG_ENABLE_MODULES = YES;
				CLANG_ENABLE_OBJC_ARC = YES;
				CLANG_WARN_BLOCK_CAPTURE_AUTORELEASING = YES;
				CLANG_WARN_BOOL_CONVERSION = YES;
				CLANG_WARN_COMMA = YES;
				CLANG_WARN_CONSTANT_CONVERSION = YES;
				CLANG_WARN_DEPRECATED_OBJC_IMPLEMENTATIONS = YES;
				CLANG_WARN_DIRECT_OBJC_ISA_USAGE = YES_ERROR;
				CLANG_WARN_EMPTY_BODY = YES;
				CLANG_WARN_ENUM_CONVERSION = YES;
				CLANG_WARN_INFINITE_RECURSION = YES;
				CLANG_WARN_INT_CONVERSION = YES;
				CLANG_WARN_NON_LITERAL_NULL_CONVERSION = YES;
				CLANG_WARN_OBJC_IMPLICIT_RETAIN_SELF = YES;
				CLANG_WARN_OBJC_LITERAL_CONVERSION = YES;
				CLANG_WARN_OBJC_ROOT_CLASS = YES_ERROR;
				CLANG_WARN_QUOTED_INCLUDE_IN_FRAMEWORK_HEADER = YES;
				CLANG_WARN_RANGE_LOOP_ANALYSIS = YES;
				CLANG_WARN_STRICT_PROTOTYPES = YES;
				CLANG_WARN_SUSPICIOUS_MOVE = YES;
				CLANG_WARN_UNREACHABLE_CODE = YES;
				CLANG_WARN__DUPLICATE_METHOD_MATCH = YES;
				"CODE_SIGN_IDENTITY[sdk=iphoneos*]" = "iPhone Developer";
				COPY_PHASE_STRIP = NO;
				CURRENT_PROJECT_VERSION = 1;
				DEBUG_INFORMATION_FORMAT = "dwarf-with-dsym";
				ENABLE_BITCODE = YES;
				ENABLE_NS_ASSERTIONS = NO;
				ENABLE_STRICT_OBJC_MSGSEND = YES;
				GCC_C_LANGUAGE_STANDARD = gnu99;
				GCC_NO_COMMON_BLOCKS = YES;
				GCC_WARN_64_TO_32_BIT_CONVERSION = YES;
				GCC_WARN_ABOUT_RETURN_TYPE = YES_ERROR;
				GCC_WARN_UNDECLARED_SELECTOR = YES;
				GCC_WARN_UNINITIALIZED_AUTOS = YES_AGGRESSIVE;
				GCC_WARN_UNUSED_FUNCTION = YES;
				GCC_WARN_UNUSED_VARIABLE = YES;
				IPHONEOS_DEPLOYMENT_TARGET = 9.0;
				MTL_ENABLE_DEBUG_INFO = NO;
				SDKROOT = iphoneos;
				TARGETED_DEVICE_FAMILY = "1,2";
				VALIDATE_PRODUCT = YES;
				VERSIONING_SYSTEM = "apple-generic";
				VERSION_INFO_PREFIX = "";
			};
			name = Release;
		};
		83166EDC1C63984E00533D85 /* Debug */ = {
			isa = XCBuildConfiguration;
			buildSettings = {
				"CODE_SIGN_IDENTITY[sdk=iphoneos*]" = "";
				CURRENT_PROJECT_VERSION = 83;
				DEFINES_MODULE = YES;
				DYLIB_COMPATIBILITY_VERSION = 1;
				DYLIB_CURRENT_VERSION = 1;
				DYLIB_INSTALL_NAME_BASE = "@rpath";
				ENABLE_BITCODE = YES;
				INFOPLIST_FILE = ASDKCore/Info.plist;
				INSTALL_PATH = "$(LOCAL_LIBRARY_DIR)/Frameworks";
				LD_RUNPATH_SEARCH_PATHS = "$(inherited) @executable_path/Frameworks @loader_path/Frameworks";
				MARKETING_VERSION = 1.5.5;
				ONLY_ACTIVE_ARCH = YES;
				OTHER_LDFLAGS = "";
				PRODUCT_BUNDLE_IDENTIFIER = ru.tcsbank.ASDKCore;
				PRODUCT_NAME = "$(TARGET_NAME)";
				SKIP_INSTALL = YES;
			};
			name = Debug;
		};
		83166EDD1C63984E00533D85 /* Release */ = {
			isa = XCBuildConfiguration;
			buildSettings = {
				"CODE_SIGN_IDENTITY[sdk=iphoneos*]" = "";
				CURRENT_PROJECT_VERSION = 83;
				DEFINES_MODULE = YES;
				DYLIB_COMPATIBILITY_VERSION = 1;
				DYLIB_CURRENT_VERSION = 1;
				DYLIB_INSTALL_NAME_BASE = "@rpath";
				ENABLE_BITCODE = YES;
				INFOPLIST_FILE = ASDKCore/Info.plist;
				INSTALL_PATH = "$(LOCAL_LIBRARY_DIR)/Frameworks";
				LD_RUNPATH_SEARCH_PATHS = "$(inherited) @executable_path/Frameworks @loader_path/Frameworks";
				MARKETING_VERSION = 1.5.5;
				ONLY_ACTIVE_ARCH = YES;
				OTHER_LDFLAGS = "";
				PRODUCT_BUNDLE_IDENTIFIER = ru.tcsbank.ASDKCore;
				PRODUCT_NAME = "$(TARGET_NAME)";
				SKIP_INSTALL = YES;
			};
			name = Release;
		};
		8316723C1C6477E300533D85 /* Debug */ = {
			isa = XCBuildConfiguration;
			buildSettings = {
				ENABLE_BITCODE = YES;
				IPHONEOS_DEPLOYMENT_TARGET = 9.0;
				ONLY_ACTIVE_ARCH = NO;
				OTHER_LDFLAGS = "";
				PRODUCT_NAME = "$(TARGET_NAME)";
			};
			name = Debug;
		};
		8316723D1C6477E300533D85 /* Release */ = {
			isa = XCBuildConfiguration;
			buildSettings = {
				ENABLE_BITCODE = YES;
				IPHONEOS_DEPLOYMENT_TARGET = 9.0;
				ONLY_ACTIVE_ARCH = NO;
				OTHER_LDFLAGS = "";
				PRODUCT_NAME = "$(TARGET_NAME)";
			};
			name = Release;
		};
/* End XCBuildConfiguration section */

/* Begin XCConfigurationList section */
		83166ECD1C63984E00533D85 /* Build configuration list for PBXProject "ASDKCore" */ = {
			isa = XCConfigurationList;
			buildConfigurations = (
				83166ED91C63984E00533D85 /* Debug */,
				83166EDA1C63984E00533D85 /* Release */,
			);
			defaultConfigurationIsVisible = 0;
			defaultConfigurationName = Release;
		};
		83166EDB1C63984E00533D85 /* Build configuration list for PBXNativeTarget "ASDKCore" */ = {
			isa = XCConfigurationList;
			buildConfigurations = (
				83166EDC1C63984E00533D85 /* Debug */,
				83166EDD1C63984E00533D85 /* Release */,
			);
			defaultConfigurationIsVisible = 0;
			defaultConfigurationName = Release;
		};
		8316723B1C6477E300533D85 /* Build configuration list for PBXAggregateTarget "ASDKCore-universal" */ = {
			isa = XCConfigurationList;
			buildConfigurations = (
				8316723C1C6477E300533D85 /* Debug */,
				8316723D1C6477E300533D85 /* Release */,
			);
			defaultConfigurationIsVisible = 0;
			defaultConfigurationName = Release;
		};
/* End XCConfigurationList section */
	};
	rootObject = 83166ECA1C63984E00533D85 /* Project object */;
}
